// !$*UTF8*$!
{
	archiveVersion = 1;
	classes = {
	};
	objectVersion = 46;
	objects = {

/* Begin PBXBuildFile section */
		C214F2111959E2E000D53562 /* UIViewSizeExt.swift in Sources */ = {isa = PBXBuildFile; fileRef = C214F2101959E2E000D53562 /* UIViewSizeExt.swift */; };
		C214F2131959E9DB00D53562 /* UIImageExt.swift in Sources */ = {isa = PBXBuildFile; fileRef = C214F2121959E9DB00D53562 /* UIImageExt.swift */; };
		C214F2151959EBCA00D53562 /* StringExt.swift in Sources */ = {isa = PBXBuildFile; fileRef = C214F2141959EBCA00D53562 /* StringExt.swift */; };
		C214F2171959ED0000D53562 /* ArrayExt.swift in Sources */ = {isa = PBXBuildFile; fileRef = C214F2161959ED0000D53562 /* ArrayExt.swift */; };
		C214F21B1959F0CD00D53562 /* UIImageCache.swift in Sources */ = {isa = PBXBuildFile; fileRef = C214F21A1959F0CD00D53562 /* UIImageCache.swift */; };
		C214F21E1959F2B900D53562 /* UITableViewManager.swift in Sources */ = {isa = PBXBuildFile; fileRef = C214F21D1959F2B900D53562 /* UITableViewManager.swift */; };
		C2190C8E1959733700AF0202 /* AppDelegate.swift in Sources */ = {isa = PBXBuildFile; fileRef = C2190C8D1959733700AF0202 /* AppDelegate.swift */; };
		C2190C901959733700AF0202 /* Images.xcassets in Resources */ = {isa = PBXBuildFile; fileRef = C2190C8F1959733700AF0202 /* Images.xcassets */; };
		C2190C9C1959733700AF0202 /* SwiftFoundationTests.swift in Sources */ = {isa = PBXBuildFile; fileRef = C2190C9B1959733700AF0202 /* SwiftFoundationTests.swift */; };
		C2190CA819597C1700AF0202 /* BaseTabBarViewController.swift in Sources */ = {isa = PBXBuildFile; fileRef = C2190CA719597C1700AF0202 /* BaseTabBarViewController.swift */; };
		C2190CAA19597CBF00AF0202 /* BaseViewController.swift in Sources */ = {isa = PBXBuildFile; fileRef = C2190CA919597CBF00AF0202 /* BaseViewController.swift */; };
		C2190CAC19597D2000AF0202 /* FoundationViewController.swift in Sources */ = {isa = PBXBuildFile; fileRef = C2190CAB19597D2000AF0202 /* FoundationViewController.swift */; };
		C2190CAE19597D6B00AF0202 /* UIKitViewController.swift in Sources */ = {isa = PBXBuildFile; fileRef = C2190CAD19597D6B00AF0202 /* UIKitViewController.swift */; };
		C2190CB419597FD500AF0202 /* OtherViewController.swift in Sources */ = {isa = PBXBuildFile; fileRef = C2190CB319597FD500AF0202 /* OtherViewController.swift */; };
		C278DAB519613DA100110012 /* Foundation.framework in Frameworks */ = {isa = PBXBuildFile; fileRef = C278DAB419613DA100110012 /* Foundation.framework */; settings = {ATTRIBUTES = (Required, ); }; };
		C278DAB8196145F400110012 /* MapViewViewController.swift in Sources */ = {isa = PBXBuildFile; fileRef = C278DAB7196145F400110012 /* MapViewViewController.swift */; };
		C27E9C5219614A9D00D839D1 /* MapKit.framework in Frameworks */ = {isa = PBXBuildFile; fileRef = C27E9C5119614A9D00D839D1 /* MapKit.framework */; settings = {ATTRIBUTES = (Required, ); }; };
		C27E9C5419614AB200D839D1 /* CoreLocation.framework in Frameworks */ = {isa = PBXBuildFile; fileRef = C27E9C5319614AB200D839D1 /* CoreLocation.framework */; };
		C292017519617E2D00D7CDE6 /* CustomCellByXibViewController.swift in Sources */ = {isa = PBXBuildFile; fileRef = C292017419617E2D00D7CDE6 /* CustomCellByXibViewController.swift */; };
		C292017719617EAD00D7CDE6 /* CustomCellByXib.xib in Resources */ = {isa = PBXBuildFile; fileRef = C292017619617EAD00D7CDE6 /* CustomCellByXib.xib */; };
		C2CA1AFB1960170700027DEF /* UITableBaseViewController.swift in Sources */ = {isa = PBXBuildFile; fileRef = C2CA1AFA1960170700027DEF /* UITableBaseViewController.swift */; };
		C2CA1AFE1960569700027DEF /* BaiduZhiDaoController.swift in Sources */ = {isa = PBXBuildFile; fileRef = C2CA1AFD1960569700027DEF /* BaiduZhiDaoController.swift */; };
		C2ED3DDE195D4B3000C14C63 /* DataStoreViewController.swift in Sources */ = {isa = PBXBuildFile; fileRef = C2ED3DDD195D4B3000C14C63 /* DataStoreViewController.swift */; };
		C2ED3DEB195D4DAB00C14C63 /* icon-29@2x.png in Resources */ = {isa = PBXBuildFile; fileRef = C2ED3DE0195D4DAB00C14C63 /* icon-29@2x.png */; };
		C2ED3DEC195D4DAB00C14C63 /* icon-40@2x.png in Resources */ = {isa = PBXBuildFile; fileRef = C2ED3DE1195D4DAB00C14C63 /* icon-40@2x.png */; };
		C2ED3DED195D4DAB00C14C63 /* icon-60@2x.png in Resources */ = {isa = PBXBuildFile; fileRef = C2ED3DE2195D4DAB00C14C63 /* icon-60@2x.png */; };
		C2ED3DEE195D4DAB00C14C63 /* tab_icon_base@2x.png in Resources */ = {isa = PBXBuildFile; fileRef = C2ED3DE3195D4DAB00C14C63 /* tab_icon_base@2x.png */; };
		C2ED3DEF195D4DAB00C14C63 /* tab_icon_uikit@2x.png in Resources */ = {isa = PBXBuildFile; fileRef = C2ED3DE4195D4DAB00C14C63 /* tab_icon_uikit@2x.png */; };
		C2ED3DF0195D4DAB00C14C63 /* tab_icon_data@2x.png in Resources */ = {isa = PBXBuildFile; fileRef = C2ED3DE5195D4DAB00C14C63 /* tab_icon_data@2x.png */; };
		C2ED3DF1195D4DAB00C14C63 /* tab_icon_other@2x.png in Resources */ = {isa = PBXBuildFile; fileRef = C2ED3DE6195D4DAB00C14C63 /* tab_icon_other@2x.png */; };
		C2ED3DF2195D4DAB00C14C63 /* tab_icon_base_s@2x.png in Resources */ = {isa = PBXBuildFile; fileRef = C2ED3DE7195D4DAB00C14C63 /* tab_icon_base_s@2x.png */; };
		C2ED3DF3195D4DAB00C14C63 /* tab_icon_uikit_s@2x.png in Resources */ = {isa = PBXBuildFile; fileRef = C2ED3DE8195D4DAB00C14C63 /* tab_icon_uikit_s@2x.png */; };
		C2ED3DF4195D4DAB00C14C63 /* tab_icon_data_s@2x.png in Resources */ = {isa = PBXBuildFile; fileRef = C2ED3DE9195D4DAB00C14C63 /* tab_icon_data_s@2x.png */; };
		C2ED3DF5195D4DAB00C14C63 /* tab_icon_other_s@2xpng in Resources */ = {isa = PBXBuildFile; fileRef = C2ED3DEA195D4DAB00C14C63 /* tab_icon_other_s@2xpng */; };
/* End PBXBuildFile section */

/* Begin PBXContainerItemProxy section */
		C2190C961959733700AF0202 /* PBXContainerItemProxy */ = {
			isa = PBXContainerItemProxy;
			containerPortal = C2190C801959733700AF0202 /* Project object */;
			proxyType = 1;
			remoteGlobalIDString = C2190C871959733700AF0202;
			remoteInfo = SwiftFoundation;
		};
/* End PBXContainerItemProxy section */

/* Begin PBXFileReference section */
		C214F2101959E2E000D53562 /* UIViewSizeExt.swift */ = {isa = PBXFileReference; fileEncoding = 4; lastKnownFileType = sourcecode.swift; path = UIViewSizeExt.swift; sourceTree = "<group>"; };
		C214F2121959E9DB00D53562 /* UIImageExt.swift */ = {isa = PBXFileReference; fileEncoding = 4; lastKnownFileType = sourcecode.swift; path = UIImageExt.swift; sourceTree = "<group>"; };
		C214F2141959EBCA00D53562 /* StringExt.swift */ = {isa = PBXFileReference; fileEncoding = 4; lastKnownFileType = sourcecode.swift; path = StringExt.swift; sourceTree = "<group>"; };
		C214F2161959ED0000D53562 /* ArrayExt.swift */ = {isa = PBXFileReference; fileEncoding = 4; lastKnownFileType = sourcecode.swift; path = ArrayExt.swift; sourceTree = "<group>"; };
		C214F21A1959F0CD00D53562 /* UIImageCache.swift */ = {isa = PBXFileReference; fileEncoding = 4; lastKnownFileType = sourcecode.swift; path = UIImageCache.swift; sourceTree = "<group>"; };
		C214F21D1959F2B900D53562 /* UITableViewManager.swift */ = {isa = PBXFileReference; fileEncoding = 4; lastKnownFileType = sourcecode.swift; path = UITableViewManager.swift; sourceTree = "<group>"; };
		C2190C881959733700AF0202 /* SwiftFoundation.app */ = {isa = PBXFileReference; explicitFileType = wrapper.application; includeInIndex = 0; path = SwiftFoundation.app; sourceTree = BUILT_PRODUCTS_DIR; };
		C2190C8C1959733700AF0202 /* Info.plist */ = {isa = PBXFileReference; lastKnownFileType = text.plist.xml; path = Info.plist; sourceTree = "<group>"; };
		C2190C8D1959733700AF0202 /* AppDelegate.swift */ = {isa = PBXFileReference; lastKnownFileType = sourcecode.swift; path = AppDelegate.swift; sourceTree = "<group>"; };
		C2190C8F1959733700AF0202 /* Images.xcassets */ = {isa = PBXFileReference; lastKnownFileType = folder.assetcatalog; path = Images.xcassets; sourceTree = "<group>"; };
		C2190C951959733700AF0202 /* SwiftFoundationTests.xctest */ = {isa = PBXFileReference; explicitFileType = wrapper.cfbundle; includeInIndex = 0; path = SwiftFoundationTests.xctest; sourceTree = BUILT_PRODUCTS_DIR; };
		C2190C9A1959733700AF0202 /* Info.plist */ = {isa = PBXFileReference; lastKnownFileType = text.plist.xml; path = Info.plist; sourceTree = "<group>"; };
		C2190C9B1959733700AF0202 /* SwiftFoundationTests.swift */ = {isa = PBXFileReference; lastKnownFileType = sourcecode.swift; path = SwiftFoundationTests.swift; sourceTree = "<group>"; };
		C2190CA719597C1700AF0202 /* BaseTabBarViewController.swift */ = {isa = PBXFileReference; fileEncoding = 4; lastKnownFileType = sourcecode.swift; path = BaseTabBarViewController.swift; sourceTree = "<group>"; };
		C2190CA919597CBF00AF0202 /* BaseViewController.swift */ = {isa = PBXFileReference; fileEncoding = 4; lastKnownFileType = sourcecode.swift; path = BaseViewController.swift; sourceTree = "<group>"; };
		C2190CAB19597D2000AF0202 /* FoundationViewController.swift */ = {isa = PBXFileReference; fileEncoding = 4; lastKnownFileType = sourcecode.swift; path = FoundationViewController.swift; sourceTree = "<group>"; };
		C2190CAD19597D6B00AF0202 /* UIKitViewController.swift */ = {isa = PBXFileReference; fileEncoding = 4; lastKnownFileType = sourcecode.swift; path = UIKitViewController.swift; sourceTree = "<group>"; };
		C2190CB319597FD500AF0202 /* OtherViewController.swift */ = {isa = PBXFileReference; fileEncoding = 4; lastKnownFileType = sourcecode.swift; path = OtherViewController.swift; sourceTree = "<group>"; };
		C278DAB419613DA100110012 /* Foundation.framework */ = {isa = PBXFileReference; lastKnownFileType = wrapper.framework; name = Foundation.framework; path = System/Library/Frameworks/Foundation.framework; sourceTree = SDKROOT; };
		C278DAB7196145F400110012 /* MapViewViewController.swift */ = {isa = PBXFileReference; fileEncoding = 4; lastKnownFileType = sourcecode.swift; path = MapViewViewController.swift; sourceTree = "<group>"; };
		C27E9C5119614A9D00D839D1 /* MapKit.framework */ = {isa = PBXFileReference; lastKnownFileType = wrapper.framework; name = MapKit.framework; path = System/Library/Frameworks/MapKit.framework; sourceTree = SDKROOT; };
		C27E9C5319614AB200D839D1 /* CoreLocation.framework */ = {isa = PBXFileReference; lastKnownFileType = wrapper.framework; name = CoreLocation.framework; path = System/Library/Frameworks/CoreLocation.framework; sourceTree = SDKROOT; };
		C292017419617E2D00D7CDE6 /* CustomCellByXibViewController.swift */ = {isa = PBXFileReference; fileEncoding = 4; lastKnownFileType = sourcecode.swift; path = CustomCellByXibViewController.swift; sourceTree = "<group>"; };
		C292017619617EAD00D7CDE6 /* CustomCellByXib.xib */ = {isa = PBXFileReference; fileEncoding = 4; lastKnownFileType = file.xib; path = CustomCellByXib.xib; sourceTree = "<group>"; };
		C2CA1AFA1960170700027DEF /* UITableBaseViewController.swift */ = {isa = PBXFileReference; fileEncoding = 4; lastKnownFileType = sourcecode.swift; path = UITableBaseViewController.swift; sourceTree = "<group>"; };
		C2CA1AFD1960569700027DEF /* BaiduZhiDaoController.swift */ = {isa = PBXFileReference; fileEncoding = 4; lastKnownFileType = sourcecode.swift; path = BaiduZhiDaoController.swift; sourceTree = "<group>"; };
		C2ED3DDD195D4B3000C14C63 /* DataStoreViewController.swift */ = {isa = PBXFileReference; fileEncoding = 4; lastKnownFileType = sourcecode.swift; path = DataStoreViewController.swift; sourceTree = "<group>"; };
		C2ED3DE0195D4DAB00C14C63 /* icon-29@2x.png */ = {isa = PBXFileReference; lastKnownFileType = image.png; path = "icon-29@2x.png"; sourceTree = "<group>"; };
		C2ED3DE1195D4DAB00C14C63 /* icon-40@2x.png */ = {isa = PBXFileReference; lastKnownFileType = image.png; path = "icon-40@2x.png"; sourceTree = "<group>"; };
		C2ED3DE2195D4DAB00C14C63 /* icon-60@2x.png */ = {isa = PBXFileReference; lastKnownFileType = image.png; path = "icon-60@2x.png"; sourceTree = "<group>"; };
		C2ED3DE3195D4DAB00C14C63 /* tab_icon_base@2x.png */ = {isa = PBXFileReference; lastKnownFileType = image.png; path = "tab_icon_base@2x.png"; sourceTree = "<group>"; };
		C2ED3DE4195D4DAB00C14C63 /* tab_icon_uikit@2x.png */ = {isa = PBXFileReference; lastKnownFileType = image.png; path = "tab_icon_uikit@2x.png"; sourceTree = "<group>"; };
		C2ED3DE5195D4DAB00C14C63 /* tab_icon_data@2x.png */ = {isa = PBXFileReference; lastKnownFileType = image.png; path = "tab_icon_data@2x.png"; sourceTree = "<group>"; };
		C2ED3DE6195D4DAB00C14C63 /* tab_icon_other@2x.png */ = {isa = PBXFileReference; lastKnownFileType = image.png; path = "tab_icon_other@2x.png"; sourceTree = "<group>"; };
		C2ED3DE7195D4DAB00C14C63 /* tab_icon_base_s@2x.png */ = {isa = PBXFileReference; lastKnownFileType = image.png; path = "tab_icon_base_s@2x.png"; sourceTree = "<group>"; };
		C2ED3DE8195D4DAB00C14C63 /* tab_icon_uikit_s@2x.png */ = {isa = PBXFileReference; lastKnownFileType = image.png; path = "tab_icon_uikit_s@2x.png"; sourceTree = "<group>"; };
		C2ED3DE9195D4DAB00C14C63 /* tab_icon_data_s@2x.png */ = {isa = PBXFileReference; lastKnownFileType = image.png; path = "tab_icon_data_s@2x.png"; sourceTree = "<group>"; };
		C2ED3DEA195D4DAB00C14C63 /* tab_icon_other_s@2xpng */ = {isa = PBXFileReference; lastKnownFileType = file; path = "tab_icon_other_s@2xpng"; sourceTree = "<group>"; };
/* End PBXFileReference section */

/* Begin PBXFrameworksBuildPhase section */
		C2190C851959733700AF0202 /* Frameworks */ = {
			isa = PBXFrameworksBuildPhase;
			buildActionMask = 2147483647;
			files = (
				C27E9C5419614AB200D839D1 /* CoreLocation.framework in Frameworks */,
				C27E9C5219614A9D00D839D1 /* MapKit.framework in Frameworks */,
				C278DAB519613DA100110012 /* Foundation.framework in Frameworks */,
			);
			runOnlyForDeploymentPostprocessing = 0;
		};
		C2190C921959733700AF0202 /* Frameworks */ = {
			isa = PBXFrameworksBuildPhase;
			buildActionMask = 2147483647;
			files = (
			);
			runOnlyForDeploymentPostprocessing = 0;
		};
/* End PBXFrameworksBuildPhase section */

/* Begin PBXGroup section */
		C214F20F1959DE5D00D53562 /* extension */ = {
			isa = PBXGroup;
			children = (
				C214F2101959E2E000D53562 /* UIViewSizeExt.swift */,
				C214F2121959E9DB00D53562 /* UIImageExt.swift */,
				C214F2141959EBCA00D53562 /* StringExt.swift */,
				C214F2161959ED0000D53562 /* ArrayExt.swift */,
				C214F21A1959F0CD00D53562 /* UIImageCache.swift */,
			);
			name = extension;
			sourceTree = "<group>";
		};
		C214F21C1959F22B00D53562 /* UIView */ = {
			isa = PBXGroup;
			children = (
				C214F21D1959F2B900D53562 /* UITableViewManager.swift */,
			);
			name = UIView;
			sourceTree = "<group>";
		};
		C2190C7F1959733700AF0202 = {
			isa = PBXGroup;
			children = (
				C2190C8A1959733700AF0202 /* SwiftFoundation */,
				C2190C981959733700AF0202 /* SwiftFoundationTests */,
				C2190C891959733700AF0202 /* Products */,
			);
			sourceTree = "<group>";
		};
		C2190C891959733700AF0202 /* Products */ = {
			isa = PBXGroup;
			children = (
				C2190C881959733700AF0202 /* SwiftFoundation.app */,
				C2190C951959733700AF0202 /* SwiftFoundationTests.xctest */,
			);
			name = Products;
			sourceTree = "<group>";
		};
		C2190C8A1959733700AF0202 /* SwiftFoundation */ = {
			isa = PBXGroup;
			children = (
				C27E9C5519614E8500D839D1 /* Frameworks */,
				C278DAB6196145C100110012 /* Other */,
				C2CA1AFC1960562C00027DEF /* DataStore */,
				C2ED3DDF195D4DAB00C14C63 /* images */,
				C214F21C1959F22B00D53562 /* UIView */,
				C2CA1AF9196016A500027DEF /* UIKitViewController */,
				C214F20F1959DE5D00D53562 /* extension */,
				C2190C8D1959733700AF0202 /* AppDelegate.swift */,
				C2190CA719597C1700AF0202 /* BaseTabBarViewController.swift */,
				C2190CA919597CBF00AF0202 /* BaseViewController.swift */,
				C2190CAB19597D2000AF0202 /* FoundationViewController.swift */,
				C2190CAD19597D6B00AF0202 /* UIKitViewController.swift */,
				C2190CB319597FD500AF0202 /* OtherViewController.swift */,
				C2ED3DDD195D4B3000C14C63 /* DataStoreViewController.swift */,
				C2190C8F1959733700AF0202 /* Images.xcassets */,
				C2190C8B1959733700AF0202 /* Supporting Files */,
			);
			path = SwiftFoundation;
			sourceTree = "<group>";
		};
		C2190C8B1959733700AF0202 /* Supporting Files */ = {
			isa = PBXGroup;
			children = (
				C2190C8C1959733700AF0202 /* Info.plist */,
			);
			name = "Supporting Files";
			sourceTree = "<group>";
		};
		C2190C981959733700AF0202 /* SwiftFoundationTests */ = {
			isa = PBXGroup;
			children = (
				C2190C9B1959733700AF0202 /* SwiftFoundationTests.swift */,
				C2190C991959733700AF0202 /* Supporting Files */,
			);
			path = SwiftFoundationTests;
			sourceTree = "<group>";
		};
		C2190C991959733700AF0202 /* Supporting Files */ = {
			isa = PBXGroup;
			children = (
				C2190C9A1959733700AF0202 /* Info.plist */,
			);
			name = "Supporting Files";
			sourceTree = "<group>";
		};
		C278DAB6196145C100110012 /* Other */ = {
			isa = PBXGroup;
			children = (
				C278DAB7196145F400110012 /* MapViewViewController.swift */,
			);
			name = Other;
			sourceTree = "<group>";
		};
		C27E9C5519614E8500D839D1 /* Frameworks */ = {
			isa = PBXGroup;
			children = (
				C278DAB419613DA100110012 /* Foundation.framework */,
				C27E9C5319614AB200D839D1 /* CoreLocation.framework */,
				C27E9C5119614A9D00D839D1 /* MapKit.framework */,
			);
			name = Frameworks;
			sourceTree = "<group>";
		};
		C2CA1AF9196016A500027DEF /* UIKitViewController */ = {
			isa = PBXGroup;
			children = (
				C2CA1AFA1960170700027DEF /* UITableBaseViewController.swift */,
				C292017419617E2D00D7CDE6 /* CustomCellByXibViewController.swift */,
				C292017619617EAD00D7CDE6 /* CustomCellByXib.xib */,
			);
			name = UIKitViewController;
			sourceTree = "<group>";
		};
		C2CA1AFC1960562C00027DEF /* DataStore */ = {
			isa = PBXGroup;
			children = (
				C2CA1AFD1960569700027DEF /* BaiduZhiDaoController.swift */,
			);
			name = DataStore;
			sourceTree = "<group>";
		};
		C2ED3DDF195D4DAB00C14C63 /* images */ = {
			isa = PBXGroup;
			children = (
				C2ED3DE0195D4DAB00C14C63 /* icon-29@2x.png */,
				C2ED3DE1195D4DAB00C14C63 /* icon-40@2x.png */,
				C2ED3DE2195D4DAB00C14C63 /* icon-60@2x.png */,
				C2ED3DE3195D4DAB00C14C63 /* tab_icon_base@2x.png */,
				C2ED3DE4195D4DAB00C14C63 /* tab_icon_uikit@2x.png */,
				C2ED3DE5195D4DAB00C14C63 /* tab_icon_data@2x.png */,
				C2ED3DE6195D4DAB00C14C63 /* tab_icon_other@2x.png */,
				C2ED3DE7195D4DAB00C14C63 /* tab_icon_base_s@2x.png */,
				C2ED3DE8195D4DAB00C14C63 /* tab_icon_uikit_s@2x.png */,
				C2ED3DE9195D4DAB00C14C63 /* tab_icon_data_s@2x.png */,
				C2ED3DEA195D4DAB00C14C63 /* tab_icon_other_s@2xpng */,
			);
			path = images;
			sourceTree = "<group>";
		};
/* End PBXGroup section */

/* Begin PBXNativeTarget section */
		C2190C871959733700AF0202 /* SwiftFoundation */ = {
			isa = PBXNativeTarget;
			buildConfigurationList = C2190C9F1959733700AF0202 /* Build configuration list for PBXNativeTarget "SwiftFoundation" */;
			buildPhases = (
				C2190C841959733700AF0202 /* Sources */,
				C2190C851959733700AF0202 /* Frameworks */,
				C2190C861959733700AF0202 /* Resources */,
			);
			buildRules = (
			);
			dependencies = (
			);
			name = SwiftFoundation;
			productName = SwiftFoundation;
			productReference = C2190C881959733700AF0202 /* SwiftFoundation.app */;
			productType = "com.apple.product-type.application";
		};
		C2190C941959733700AF0202 /* SwiftFoundationTests */ = {
			isa = PBXNativeTarget;
			buildConfigurationList = C2190CA21959733700AF0202 /* Build configuration list for PBXNativeTarget "SwiftFoundationTests" */;
			buildPhases = (
				C2190C911959733700AF0202 /* Sources */,
				C2190C921959733700AF0202 /* Frameworks */,
				C2190C931959733700AF0202 /* Resources */,
			);
			buildRules = (
			);
			dependencies = (
				C2190C971959733700AF0202 /* PBXTargetDependency */,
			);
			name = SwiftFoundationTests;
			productName = SwiftFoundationTests;
			productReference = C2190C951959733700AF0202 /* SwiftFoundationTests.xctest */;
			productType = "com.apple.product-type.bundle.unit-test";
		};
/* End PBXNativeTarget section */

/* Begin PBXProject section */
		C2190C801959733700AF0202 /* Project object */ = {
			isa = PBXProject;
			attributes = {
				LastUpgradeCheck = 0600;
				ORGANIZATIONNAME = baxiang;
				TargetAttributes = {
					C2190C871959733700AF0202 = {
						CreatedOnToolsVersion = 6.0;
					};
					C2190C941959733700AF0202 = {
						CreatedOnToolsVersion = 6.0;
						TestTargetID = C2190C871959733700AF0202;
					};
				};
			};
			buildConfigurationList = C2190C831959733700AF0202 /* Build configuration list for PBXProject "SwiftFoundation" */;
			compatibilityVersion = "Xcode 3.2";
			developmentRegion = English;
			hasScannedForEncodings = 0;
			knownRegions = (
				en,
			);
			mainGroup = C2190C7F1959733700AF0202;
			productRefGroup = C2190C891959733700AF0202 /* Products */;
			projectDirPath = "";
			projectRoot = "";
			targets = (
				C2190C871959733700AF0202 /* SwiftFoundation */,
				C2190C941959733700AF0202 /* SwiftFoundationTests */,
			);
		};
/* End PBXProject section */

/* Begin PBXResourcesBuildPhase section */
		C2190C861959733700AF0202 /* Resources */ = {
			isa = PBXResourcesBuildPhase;
			buildActionMask = 2147483647;
			files = (
				C2ED3DF0195D4DAB00C14C63 /* tab_icon_data@2x.png in Resources */,
				C2ED3DEB195D4DAB00C14C63 /* icon-29@2x.png in Resources */,
				C292017719617EAD00D7CDE6 /* CustomCellByXib.xib in Resources */,
				C2ED3DF1195D4DAB00C14C63 /* tab_icon_other@2x.png in Resources */,
				C2190C901959733700AF0202 /* Images.xcassets in Resources */,
				C2ED3DF3195D4DAB00C14C63 /* tab_icon_uikit_s@2x.png in Resources */,
				C2ED3DF2195D4DAB00C14C63 /* tab_icon_base_s@2x.png in Resources */,
				C2ED3DF4195D4DAB00C14C63 /* tab_icon_data_s@2x.png in Resources */,
				C2ED3DEC195D4DAB00C14C63 /* icon-40@2x.png in Resources */,
				C2ED3DED195D4DAB00C14C63 /* icon-60@2x.png in Resources */,
				C2ED3DEF195D4DAB00C14C63 /* tab_icon_uikit@2x.png in Resources */,
				C2ED3DF5195D4DAB00C14C63 /* tab_icon_other_s@2xpng in Resources */,
				C2ED3DEE195D4DAB00C14C63 /* tab_icon_base@2x.png in Resources */,
			);
			runOnlyForDeploymentPostprocessing = 0;
		};
		C2190C931959733700AF0202 /* Resources */ = {
			isa = PBXResourcesBuildPhase;
			buildActionMask = 2147483647;
			files = (
			);
			runOnlyForDeploymentPostprocessing = 0;
		};
/* End PBXResourcesBuildPhase section */

/* Begin PBXSourcesBuildPhase section */
		C2190C841959733700AF0202 /* Sources */ = {
			isa = PBXSourcesBuildPhase;
			buildActionMask = 2147483647;
			files = (
				C2190C8E1959733700AF0202 /* AppDelegate.swift in Sources */,
				C214F2151959EBCA00D53562 /* StringExt.swift in Sources */,
				C2190CB419597FD500AF0202 /* OtherViewController.swift in Sources */,
				C2190CAC19597D2000AF0202 /* FoundationViewController.swift in Sources */,
				C2CA1AFE1960569700027DEF /* BaiduZhiDaoController.swift in Sources */,
				C214F2171959ED0000D53562 /* ArrayExt.swift in Sources */,
				C2190CAA19597CBF00AF0202 /* BaseViewController.swift in Sources */,
				C214F21E1959F2B900D53562 /* UITableViewManager.swift in Sources */,
				C2CA1AFB1960170700027DEF /* UITableBaseViewController.swift in Sources */,
				C292017519617E2D00D7CDE6 /* CustomCellByXibViewController.swift in Sources */,
				C214F2131959E9DB00D53562 /* UIImageExt.swift in Sources */,
				C2190CA819597C1700AF0202 /* BaseTabBarViewController.swift in Sources */,
				C214F21B1959F0CD00D53562 /* UIImageCache.swift in Sources */,
				C214F2111959E2E000D53562 /* UIViewSizeExt.swift in Sources */,
				C2ED3DDE195D4B3000C14C63 /* DataStoreViewController.swift in Sources */,
				C278DAB8196145F400110012 /* MapViewViewController.swift in Sources */,
				C2190CAE19597D6B00AF0202 /* UIKitViewController.swift in Sources */,
			);
			runOnlyForDeploymentPostprocessing = 0;
		};
		C2190C911959733700AF0202 /* Sources */ = {
			isa = PBXSourcesBuildPhase;
			buildActionMask = 2147483647;
			files = (
				C2190C9C1959733700AF0202 /* SwiftFoundationTests.swift in Sources */,
			);
			runOnlyForDeploymentPostprocessing = 0;
		};
/* End PBXSourcesBuildPhase section */

/* Begin PBXTargetDependency section */
		C2190C971959733700AF0202 /* PBXTargetDependency */ = {
			isa = PBXTargetDependency;
			target = C2190C871959733700AF0202 /* SwiftFoundation */;
			targetProxy = C2190C961959733700AF0202 /* PBXContainerItemProxy */;
		};
/* End PBXTargetDependency section */

/* Begin XCBuildConfiguration section */
		C2190C9D1959733700AF0202 /* Debug */ = {
			isa = XCBuildConfiguration;
			buildSettings = {
				ALWAYS_SEARCH_USER_PATHS = NO;
				CLANG_CXX_LANGUAGE_STANDARD = "gnu++0x";
				CLANG_CXX_LIBRARY = "libc++";
				CLANG_ENABLE_MODULES = YES;
				CLANG_ENABLE_OBJC_ARC = YES;
				CLANG_WARN_BOOL_CONVERSION = YES;
				CLANG_WARN_CONSTANT_CONVERSION = YES;
				CLANG_WARN_DIRECT_OBJC_ISA_USAGE = YES_ERROR;
				CLANG_WARN_EMPTY_BODY = YES;
				CLANG_WARN_ENUM_CONVERSION = YES;
				CLANG_WARN_INT_CONVERSION = YES;
				CLANG_WARN_OBJC_ROOT_CLASS = YES_ERROR;
				CLANG_WARN_UNREACHABLE_CODE = YES;
				CLANG_WARN__DUPLICATE_METHOD_MATCH = YES;
				"CODE_SIGN_IDENTITY[sdk=iphoneos*]" = "iPhone Developer";
				COPY_PHASE_STRIP = NO;
				ENABLE_STRICT_OBJC_MSGSEND = YES;
				GCC_C_LANGUAGE_STANDARD = gnu99;
				GCC_DYNAMIC_NO_PIC = NO;
				GCC_OPTIMIZATION_LEVEL = 0;
				GCC_PREPROCESSOR_DEFINITIONS = (
					"DEBUG=1",
					"$(inherited)",
				);
				GCC_SYMBOLS_PRIVATE_EXTERN = NO;
				GCC_WARN_64_TO_32_BIT_CONVERSION = YES;
				GCC_WARN_ABOUT_RETURN_TYPE = YES_ERROR;
				GCC_WARN_UNDECLARED_SELECTOR = YES;
				GCC_WARN_UNINITIALIZED_AUTOS = YES_AGGRESSIVE;
				GCC_WARN_UNUSED_FUNCTION = YES;
				GCC_WARN_UNUSED_VARIABLE = YES;
				IPHONEOS_DEPLOYMENT_TARGET = 8.0;
				METAL_ENABLE_DEBUG_INFO = YES;
				ONLY_ACTIVE_ARCH = YES;
				SDKROOT = iphoneos;
				SWIFT_OPTIMIZATION_LEVEL = "-Onone";
			};
			name = Debug;
		};
		C2190C9E1959733700AF0202 /* Release */ = {
			isa = XCBuildConfiguration;
			buildSettings = {
				ALWAYS_SEARCH_USER_PATHS = NO;
				CLANG_CXX_LANGUAGE_STANDARD = "gnu++0x";
				CLANG_CXX_LIBRARY = "libc++";
				CLANG_ENABLE_MODULES = YES;
				CLANG_ENABLE_OBJC_ARC = YES;
				CLANG_WARN_BOOL_CONVERSION = YES;
				CLANG_WARN_CONSTANT_CONVERSION = YES;
				CLANG_WARN_DIRECT_OBJC_ISA_USAGE = YES_ERROR;
				CLANG_WARN_EMPTY_BODY = YES;
				CLANG_WARN_ENUM_CONVERSION = YES;
				CLANG_WARN_INT_CONVERSION = YES;
				CLANG_WARN_OBJC_ROOT_CLASS = YES_ERROR;
				CLANG_WARN_UNREACHABLE_CODE = YES;
				CLANG_WARN__DUPLICATE_METHOD_MATCH = YES;
				"CODE_SIGN_IDENTITY[sdk=iphoneos*]" = "iPhone Developer";
				COPY_PHASE_STRIP = YES;
				ENABLE_NS_ASSERTIONS = NO;
				ENABLE_STRICT_OBJC_MSGSEND = YES;
				GCC_C_LANGUAGE_STANDARD = gnu99;
				GCC_WARN_64_TO_32_BIT_CONVERSION = YES;
				GCC_WARN_ABOUT_RETURN_TYPE = YES_ERROR;
				GCC_WARN_UNDECLARED_SELECTOR = YES;
				GCC_WARN_UNINITIALIZED_AUTOS = YES_AGGRESSIVE;
				GCC_WARN_UNUSED_FUNCTION = YES;
				GCC_WARN_UNUSED_VARIABLE = YES;
				IPHONEOS_DEPLOYMENT_TARGET = 8.0;
				METAL_ENABLE_DEBUG_INFO = NO;
				SDKROOT = iphoneos;
				VALIDATE_PRODUCT = YES;
			};
			name = Release;
		};
		C2190CA01959733700AF0202 /* Debug */ = {
			isa = XCBuildConfiguration;
			buildSettings = {
				ASSETCATALOG_COMPILER_APPICON_NAME = AppIcon;
				ASSETCATALOG_COMPILER_LAUNCHIMAGE_NAME = LaunchImage;
				INFOPLIST_FILE = SwiftFoundation/Info.plist;
				IPHONEOS_DEPLOYMENT_TARGET = 6.0;
				LD_RUNPATH_SEARCH_PATHS = "$(inherited) @executable_path/Frameworks";
				PRODUCT_NAME = "$(TARGET_NAME)";
			};
			name = Debug;
		};
		C2190CA11959733700AF0202 /* Release */ = {
			isa = XCBuildConfiguration;
			buildSettings = {
				ASSETCATALOG_COMPILER_APPICON_NAME = AppIcon;
				ASSETCATALOG_COMPILER_LAUNCHIMAGE_NAME = LaunchImage;
				INFOPLIST_FILE = SwiftFoundation/Info.plist;
				IPHONEOS_DEPLOYMENT_TARGET = 6.0;
				LD_RUNPATH_SEARCH_PATHS = "$(inherited) @executable_path/Frameworks";
				PRODUCT_NAME = "$(TARGET_NAME)";
			};
			name = Release;
		};
		C2190CA31959733700AF0202 /* Debug */ = {
			isa = XCBuildConfiguration;
			buildSettings = {
				BUNDLE_LOADER = "$(BUILT_PRODUCTS_DIR)/SwiftFoundation.app/SwiftFoundation";
				FRAMEWORK_SEARCH_PATHS = (
					"$(SDKROOT)/Developer/Library/Frameworks",
					"$(inherited)",
				);
				GCC_PREPROCESSOR_DEFINITIONS = (
					"DEBUG=1",
					"$(inherited)",
				);
				INFOPLIST_FILE = SwiftFoundationTests/Info.plist;
				LD_RUNPATH_SEARCH_PATHS = "$(inherited) @executable_path/Frameworks @loader_path/Frameworks";
				METAL_ENABLE_DEBUG_INFO = YES;
				PRODUCT_NAME = "$(TARGET_NAME)";
				TEST_HOST = "$(BUNDLE_LOADER)";
			};
			name = Debug;
		};
		C2190CA41959733700AF0202 /* Release */ = {
			isa = XCBuildConfiguration;
			buildSettings = {
				BUNDLE_LOADER = "$(BUILT_PRODUCTS_DIR)/SwiftFoundation.app/SwiftFoundation";
				FRAMEWORK_SEARCH_PATHS = (
					"$(SDKROOT)/Developer/Library/Frameworks",
					"$(inherited)",
				);
				INFOPLIST_FILE = SwiftFoundationTests/Info.plist;
				LD_RUNPATH_SEARCH_PATHS = "$(inherited) @executable_path/Frameworks @loader_path/Frameworks";
				METAL_ENABLE_DEBUG_INFO = NO;
				PRODUCT_NAME = "$(TARGET_NAME)";
				TEST_HOST = "$(BUNDLE_LOADER)";
			};
			name = Release;
		};
/* End XCBuildConfiguration section */

/* Begin XCConfigurationList section */
		C2190C831959733700AF0202 /* Build configuration list for PBXProject "SwiftFoundation" */ = {
			isa = XCConfigurationList;
			buildConfigurations = (
				C2190C9D1959733700AF0202 /* Debug */,
				C2190C9E1959733700AF0202 /* Release */,
			);
			defaultConfigurationIsVisible = 0;
			defaultConfigurationName = Release;
		};
		C2190C9F1959733700AF0202 /* Build configuration list for PBXNativeTarget "SwiftFoundation" */ = {
			isa = XCConfigurationList;
			buildConfigurations = (
				C2190CA01959733700AF0202 /* Debug */,
				C2190CA11959733700AF0202 /* Release */,
			);
			defaultConfigurationIsVisible = 0;
			defaultConfigurationName = Release;
		};
		C2190CA21959733700AF0202 /* Build configuration list for PBXNativeTarget "SwiftFoundationTests" */ = {
			isa = XCConfigurationList;
			buildConfigurations = (
				C2190CA31959733700AF0202 /* Debug */,
				C2190CA41959733700AF0202 /* Release */,
			);
			defaultConfigurationIsVisible = 0;
			defaultConfigurationName = Release;
		};
/* End XCConfigurationList section */
	};
	rootObject = C2190C801959733700AF0202 /* Project object */;
}
