// !$*UTF8*$!
{
	archiveVersion = 1;
	classes = {
	};
	objectVersion = 46;
	objects = {

/* Begin PBXBuildFile section */
		C2190C8E1959733700AF0202 /* AppDelegate.swift in Sources */ = {isa = PBXBuildFile; fileRef = C2190C8D1959733700AF0202 /* AppDelegate.swift */; };
		C2190C901959733700AF0202 /* Images.xcassets in Resources */ = {isa = PBXBuildFile; fileRef = C2190C8F1959733700AF0202 /* Images.xcassets */; };
		C2190C9C1959733700AF0202 /* SwiftFoundationTests.swift in Sources */ = {isa = PBXBuildFile; fileRef = C2190C9B1959733700AF0202 /* SwiftFoundationTests.swift */; };
		C2190CA819597C1700AF0202 /* BaseTabBarViewController.swift in Sources */ = {isa = PBXBuildFile; fileRef = C2190CA719597C1700AF0202 /* BaseTabBarViewController.swift */; };
		C2190CAA19597CBF00AF0202 /* BaseViewController.swift in Sources */ = {isa = PBXBuildFile; fileRef = C2190CA919597CBF00AF0202 /* BaseViewController.swift */; };
		C2190CAC19597D2000AF0202 /* FoundationViewController.swift in Sources */ = {isa = PBXBuildFile; fileRef = C2190CAB19597D2000AF0202 /* FoundationViewController.swift */; };
		C2190CAE19597D6B00AF0202 /* UIKitViewController.swift in Sources */ = {isa = PBXBuildFile; fileRef = C2190CAD19597D6B00AF0202 /* UIKitViewController.swift */; };
		C2190CB019597E4B00AF0202 /* NetworkViewController.swift in Sources */ = {isa = PBXBuildFile; fileRef = C2190CAF19597E4B00AF0202 /* NetworkViewController.swift */; };
		C2190CB219597EB300AF0202 /* DatabaseViewController.swift in Sources */ = {isa = PBXBuildFile; fileRef = C2190CB119597EB300AF0202 /* DatabaseViewController.swift */; };
		C2190CB419597FD500AF0202 /* OtherViewController.swift in Sources */ = {isa = PBXBuildFile; fileRef = C2190CB319597FD500AF0202 /* OtherViewController.swift */; };
/* End PBXBuildFile section */

/* Begin PBXContainerItemProxy section */
		C2190C961959733700AF0202 /* PBXContainerItemProxy */ = {
			isa = PBXContainerItemProxy;
			containerPortal = C2190C801959733700AF0202 /* Project object */;
			proxyType = 1;
			remoteGlobalIDString = C2190C871959733700AF0202;
			remoteInfo = SwiftFoundation;
		};
/* End PBXContainerItemProxy section */

/* Begin PBXFileReference section */
		C2190C881959733700AF0202 /* SwiftFoundation.app */ = {isa = PBXFileReference; explicitFileType = wrapper.application; includeInIndex = 0; path = SwiftFoundation.app; sourceTree = BUILT_PRODUCTS_DIR; };
		C2190C8C1959733700AF0202 /* Info.plist */ = {isa = PBXFileReference; lastKnownFileType = text.plist.xml; path = Info.plist; sourceTree = "<group>"; };
		C2190C8D1959733700AF0202 /* AppDelegate.swift */ = {isa = PBXFileReference; lastKnownFileType = sourcecode.swift; path = AppDelegate.swift; sourceTree = "<group>"; };
		C2190C8F1959733700AF0202 /* Images.xcassets */ = {isa = PBXFileReference; lastKnownFileType = folder.assetcatalog; path = Images.xcassets; sourceTree = "<group>"; };
		C2190C951959733700AF0202 /* SwiftFoundationTests.xctest */ = {isa = PBXFileReference; explicitFileType = wrapper.cfbundle; includeInIndex = 0; path = SwiftFoundationTests.xctest; sourceTree = BUILT_PRODUCTS_DIR; };
		C2190C9A1959733700AF0202 /* Info.plist */ = {isa = PBXFileReference; lastKnownFileType = text.plist.xml; path = Info.plist; sourceTree = "<group>"; };
		C2190C9B1959733700AF0202 /* SwiftFoundationTests.swift */ = {isa = PBXFileReference; lastKnownFileType = sourcecode.swift; path = SwiftFoundationTests.swift; sourceTree = "<group>"; };
		C2190CA719597C1700AF0202 /* BaseTabBarViewController.swift */ = {isa = PBXFileReference; fileEncoding = 4; lastKnownFileType = sourcecode.swift; path = BaseTabBarViewController.swift; sourceTree = "<group>"; };
		C2190CA919597CBF00AF0202 /* BaseViewController.swift */ = {isa = PBXFileReference; fileEncoding = 4; lastKnownFileType = sourcecode.swift; path = BaseViewController.swift; sourceTree = "<group>"; };
		C2190CAB19597D2000AF0202 /* FoundationViewController.swift */ = {isa = PBXFileReference; fileEncoding = 4; lastKnownFileType = sourcecode.swift; path = FoundationViewController.swift; sourceTree = "<group>"; };
		C2190CAD19597D6B00AF0202 /* UIKitViewController.swift */ = {isa = PBXFileReference; fileEncoding = 4; lastKnownFileType = sourcecode.swift; path = UIKitViewController.swift; sourceTree = "<group>"; };
		C2190CAF19597E4B00AF0202 /* NetworkViewController.swift */ = {isa = PBXFileReference; fileEncoding = 4; lastKnownFileType = sourcecode.swift; path = NetworkViewController.swift; sourceTree = "<group>"; };
		C2190CB119597EB300AF0202 /* DatabaseViewController.swift */ = {isa = PBXFileReference; fileEncoding = 4; lastKnownFileType = sourcecode.swift; path = DatabaseViewController.swift; sourceTree = "<group>"; };
		C2190CB319597FD500AF0202 /* OtherViewController.swift */ = {isa = PBXFileReference; fileEncoding = 4; lastKnownFileType = sourcecode.swift; path = OtherViewController.swift; sourceTree = "<group>"; };
/* End PBXFileReference section */

/* Begin PBXFrameworksBuildPhase section */
		C2190C851959733700AF0202 /* Frameworks */ = {
			isa = PBXFrameworksBuildPhase;
			buildActionMask = 2147483647;
			files = (
			);
			runOnlyForDeploymentPostprocessing = 0;
		};
		C2190C921959733700AF0202 /* Frameworks */ = {
			isa = PBXFrameworksBuildPhase;
			buildActionMask = 2147483647;
			files = (
			);
			runOnlyForDeploymentPostprocessing = 0;
		};
/* End PBXFrameworksBuildPhase section */

/* Begin PBXGroup section */
		C2190C7F1959733700AF0202 = {
			isa = PBXGroup;
			children = (
				C2190C8A1959733700AF0202 /* SwiftFoundation */,
				C2190C981959733700AF0202 /* SwiftFoundationTests */,
				C2190C891959733700AF0202 /* Products */,
			);
			sourceTree = "<group>";
		};
		C2190C891959733700AF0202 /* Products */ = {
			isa = PBXGroup;
			children = (
				C2190C881959733700AF0202 /* SwiftFoundation.app */,
				C2190C951959733700AF0202 /* SwiftFoundationTests.xctest */,
			);
			name = Products;
			sourceTree = "<group>";
		};
		C2190C8A1959733700AF0202 /* SwiftFoundation */ = {
			isa = PBXGroup;
			children = (
				C2190C8D1959733700AF0202 /* AppDelegate.swift */,
				C2190CA719597C1700AF0202 /* BaseTabBarViewController.swift */,
				C2190CA919597CBF00AF0202 /* BaseViewController.swift */,
				C2190CAB19597D2000AF0202 /* FoundationViewController.swift */,
				C2190CAD19597D6B00AF0202 /* UIKitViewController.swift */,
				C2190CAF19597E4B00AF0202 /* NetworkViewController.swift */,
				C2190CB119597EB300AF0202 /* DatabaseViewController.swift */,
				C2190CB319597FD500AF0202 /* OtherViewController.swift */,
				C2190C8F1959733700AF0202 /* Images.xcassets */,
				C2190C8B1959733700AF0202 /* Supporting Files */,
			);
			path = SwiftFoundation;
			sourceTree = "<group>";
		};
		C2190C8B1959733700AF0202 /* Supporting Files */ = {
			isa = PBXGroup;
			children = (
				C2190C8C1959733700AF0202 /* Info.plist */,
			);
			name = "Supporting Files";
			sourceTree = "<group>";
		};
		C2190C981959733700AF0202 /* SwiftFoundationTests */ = {
			isa = PBXGroup;
			children = (
				C2190C9B1959733700AF0202 /* SwiftFoundationTests.swift */,
				C2190C991959733700AF0202 /* Supporting Files */,
			);
			path = SwiftFoundationTests;
			sourceTree = "<group>";
		};
		C2190C991959733700AF0202 /* Supporting Files */ = {
			isa = PBXGroup;
			children = (
				C2190C9A1959733700AF0202 /* Info.plist */,
			);
			name = "Supporting Files";
			sourceTree = "<group>";
		};
/* End PBXGroup section */

/* Begin PBXNativeTarget section */
		C2190C871959733700AF0202 /* SwiftFoundation */ = {
			isa = PBXNativeTarget;
			buildConfigurationList = C2190C9F1959733700AF0202 /* Build configuration list for PBXNativeTarget "SwiftFoundation" */;
			buildPhases = (
				C2190C841959733700AF0202 /* Sources */,
				C2190C851959733700AF0202 /* Frameworks */,
				C2190C861959733700AF0202 /* Resources */,
			);
			buildRules = (
			);
			dependencies = (
			);
			name = SwiftFoundation;
			productName = SwiftFoundation;
			productReference = C2190C881959733700AF0202 /* SwiftFoundation.app */;
			productType = "com.apple.product-type.application";
		};
		C2190C941959733700AF0202 /* SwiftFoundationTests */ = {
			isa = PBXNativeTarget;
			buildConfigurationList = C2190CA21959733700AF0202 /* Build configuration list for PBXNativeTarget "SwiftFoundationTests" */;
			buildPhases = (
				C2190C911959733700AF0202 /* Sources */,
				C2190C921959733700AF0202 /* Frameworks */,
				C2190C931959733700AF0202 /* Resources */,
			);
			buildRules = (
			);
			dependencies = (
				C2190C971959733700AF0202 /* PBXTargetDependency */,
			);
			name = SwiftFoundationTests;
			productName = SwiftFoundationTests;
			productReference = C2190C951959733700AF0202 /* SwiftFoundationTests.xctest */;
			productType = "com.apple.product-type.bundle.unit-test";
		};
/* End PBXNativeTarget section */

/* Begin PBXProject section */
		C2190C801959733700AF0202 /* Project object */ = {
			isa = PBXProject;
			attributes = {
				LastUpgradeCheck = 0600;
				ORGANIZATIONNAME = baxiang;
				TargetAttributes = {
					C2190C871959733700AF0202 = {
						CreatedOnToolsVersion = 6.0;
					};
					C2190C941959733700AF0202 = {
						CreatedOnToolsVersion = 6.0;
						TestTargetID = C2190C871959733700AF0202;
					};
				};
			};
			buildConfigurationList = C2190C831959733700AF0202 /* Build configuration list for PBXProject "SwiftFoundation" */;
			compatibilityVersion = "Xcode 3.2";
			developmentRegion = English;
			hasScannedForEncodings = 0;
			knownRegions = (
				en,
			);
			mainGroup = C2190C7F1959733700AF0202;
			productRefGroup = C2190C891959733700AF0202 /* Products */;
			projectDirPath = "";
			projectRoot = "";
			targets = (
				C2190C871959733700AF0202 /* SwiftFoundation */,
				C2190C941959733700AF0202 /* SwiftFoundationTests */,
			);
		};
/* End PBXProject section */

/* Begin PBXResourcesBuildPhase section */
		C2190C861959733700AF0202 /* Resources */ = {
			isa = PBXResourcesBuildPhase;
			buildActionMask = 2147483647;
			files = (
				C2190C901959733700AF0202 /* Images.xcassets in Resources */,
			);
			runOnlyForDeploymentPostprocessing = 0;
		};
		C2190C931959733700AF0202 /* Resources */ = {
			isa = PBXResourcesBuildPhase;
			buildActionMask = 2147483647;
			files = (
			);
			runOnlyForDeploymentPostprocessing = 0;
		};
/* End PBXResourcesBuildPhase section */

/* Begin PBXSourcesBuildPhase section */
		C2190C841959733700AF0202 /* Sources */ = {
			isa = PBXSourcesBuildPhase;
			buildActionMask = 2147483647;
			files = (
				C2190C8E1959733700AF0202 /* AppDelegate.swift in Sources */,
				C2190CB419597FD500AF0202 /* OtherViewController.swift in Sources */,
				C2190CAC19597D2000AF0202 /* FoundationViewController.swift in Sources */,
				C2190CAA19597CBF00AF0202 /* BaseViewController.swift in Sources */,
				C2190CB219597EB300AF0202 /* DatabaseViewController.swift in Sources */,
				C2190CA819597C1700AF0202 /* BaseTabBarViewController.swift in Sources */,
				C2190CB019597E4B00AF0202 /* NetworkViewController.swift in Sources */,
				C2190CAE19597D6B00AF0202 /* UIKitViewController.swift in Sources */,
			);
			runOnlyForDeploymentPostprocessing = 0;
		};
		C2190C911959733700AF0202 /* Sources */ = {
			isa = PBXSourcesBuildPhase;
			buildActionMask = 2147483647;
			files = (
				C2190C9C1959733700AF0202 /* SwiftFoundationTests.swift in Sources */,
			);
			runOnlyForDeploymentPostprocessing = 0;
		};
/* End PBXSourcesBuildPhase section */

/* Begin PBXTargetDependency section */
		C2190C971959733700AF0202 /* PBXTargetDependency */ = {
			isa = PBXTargetDependency;
			target = C2190C871959733700AF0202 /* SwiftFoundation */;
			targetProxy = C2190C961959733700AF0202 /* PBXContainerItemProxy */;
		};
/* End PBXTargetDependency section */

/* Begin XCBuildConfiguration section */
		C2190C9D1959733700AF0202 /* Debug */ = {
			isa = XCBuildConfiguration;
			buildSettings = {
				ALWAYS_SEARCH_USER_PATHS = NO;
				CLANG_CXX_LANGUAGE_STANDARD = "gnu++0x";
				CLANG_CXX_LIBRARY = "libc++";
				CLANG_ENABLE_MODULES = YES;
				CLANG_ENABLE_OBJC_ARC = YES;
				CLANG_WARN_BOOL_CONVERSION = YES;
				CLANG_WARN_CONSTANT_CONVERSION = YES;
				CLANG_WARN_DIRECT_OBJC_ISA_USAGE = YES_ERROR;
				CLANG_WARN_EMPTY_BODY = YES;
				CLANG_WARN_ENUM_CONVERSION = YES;
				CLANG_WARN_INT_CONVERSION = YES;
				CLANG_WARN_OBJC_ROOT_CLASS = YES_ERROR;
				CLANG_WARN_UNREACHABLE_CODE = YES;
				CLANG_WARN__DUPLICATE_METHOD_MATCH = YES;
				"CODE_SIGN_IDENTITY[sdk=iphoneos*]" = "iPhone Developer";
				COPY_PHASE_STRIP = NO;
				ENABLE_STRICT_OBJC_MSGSEND = YES;
				GCC_C_LANGUAGE_STANDARD = gnu99;
				GCC_DYNAMIC_NO_PIC = NO;
				GCC_OPTIMIZATION_LEVEL = 0;
				GCC_PREPROCESSOR_DEFINITIONS = (
					"DEBUG=1",
					"$(inherited)",
				);
				GCC_SYMBOLS_PRIVATE_EXTERN = NO;
				GCC_WARN_64_TO_32_BIT_CONVERSION = YES;
				GCC_WARN_ABOUT_RETURN_TYPE = YES_ERROR;
				GCC_WARN_UNDECLARED_SELECTOR = YES;
				GCC_WARN_UNINITIALIZED_AUTOS = YES_AGGRESSIVE;
				GCC_WARN_UNUSED_FUNCTION = YES;
				GCC_WARN_UNUSED_VARIABLE = YES;
				IPHONEOS_DEPLOYMENT_TARGET = 8.0;
				METAL_ENABLE_DEBUG_INFO = YES;
				ONLY_ACTIVE_ARCH = YES;
				SDKROOT = iphoneos;
				SWIFT_OPTIMIZATION_LEVEL = "-Onone";
			};
			name = Debug;
		};
		C2190C9E1959733700AF0202 /* Release */ = {
			isa = XCBuildConfiguration;
			buildSettings = {
				ALWAYS_SEARCH_USER_PATHS = NO;
				CLANG_CXX_LANGUAGE_STANDARD = "gnu++0x";
				CLANG_CXX_LIBRARY = "libc++";
				CLANG_ENABLE_MODULES = YES;
				CLANG_ENABLE_OBJC_ARC = YES;
				CLANG_WARN_BOOL_CONVERSION = YES;
				CLANG_WARN_CONSTANT_CONVERSION = YES;
				CLANG_WARN_DIRECT_OBJC_ISA_USAGE = YES_ERROR;
				CLANG_WARN_EMPTY_BODY = YES;
				CLANG_WARN_ENUM_CONVERSION = YES;
				CLANG_WARN_INT_CONVERSION = YES;
				CLANG_WARN_OBJC_ROOT_CLASS = YES_ERROR;
				CLANG_WARN_UNREACHABLE_CODE = YES;
				CLANG_WARN__DUPLICATE_METHOD_MATCH = YES;
				"CODE_SIGN_IDENTITY[sdk=iphoneos*]" = "iPhone Developer";
				COPY_PHASE_STRIP = YES;
				ENABLE_NS_ASSERTIONS = NO;
				ENABLE_STRICT_OBJC_MSGSEND = YES;
				GCC_C_LANGUAGE_STANDARD = gnu99;
				GCC_WARN_64_TO_32_BIT_CONVERSION = YES;
				GCC_WARN_ABOUT_RETURN_TYPE = YES_ERROR;
				GCC_WARN_UNDECLARED_SELECTOR = YES;
				GCC_WARN_UNINITIALIZED_AUTOS = YES_AGGRESSIVE;
				GCC_WARN_UNUSED_FUNCTION = YES;
				GCC_WARN_UNUSED_VARIABLE = YES;
				IPHONEOS_DEPLOYMENT_TARGET = 8.0;
				METAL_ENABLE_DEBUG_INFO = NO;
				SDKROOT = iphoneos;
				VALIDATE_PRODUCT = YES;
			};
			name = Release;
		};
		C2190CA01959733700AF0202 /* Debug */ = {
			isa = XCBuildConfiguration;
			buildSettings = {
				ASSETCATALOG_COMPILER_APPICON_NAME = AppIcon;
				ASSETCATALOG_COMPILER_LAUNCHIMAGE_NAME = LaunchImage;
				INFOPLIST_FILE = SwiftFoundation/Info.plist;
				IPHONEOS_DEPLOYMENT_TARGET = 6.0;
				LD_RUNPATH_SEARCH_PATHS = "$(inherited) @executable_path/Frameworks";
				PRODUCT_NAME = "$(TARGET_NAME)";
			};
			name = Debug;
		};
		C2190CA11959733700AF0202 /* Release */ = {
			isa = XCBuildConfiguration;
			buildSettings = {
				ASSETCATALOG_COMPILER_APPICON_NAME = AppIcon;
				ASSETCATALOG_COMPILER_LAUNCHIMAGE_NAME = LaunchImage;
				INFOPLIST_FILE = SwiftFoundation/Info.plist;
				IPHONEOS_DEPLOYMENT_TARGET = 6.0;
				LD_RUNPATH_SEARCH_PATHS = "$(inherited) @executable_path/Frameworks";
				PRODUCT_NAME = "$(TARGET_NAME)";
			};
			name = Release;
		};
		C2190CA31959733700AF0202 /* Debug */ = {
			isa = XCBuildConfiguration;
			buildSettings = {
				BUNDLE_LOADER = "$(BUILT_PRODUCTS_DIR)/SwiftFoundation.app/SwiftFoundation";
				FRAMEWORK_SEARCH_PATHS = (
					"$(SDKROOT)/Developer/Library/Frameworks",
					"$(inherited)",
				);
				GCC_PREPROCESSOR_DEFINITIONS = (
					"DEBUG=1",
					"$(inherited)",
				);
				INFOPLIST_FILE = SwiftFoundationTests/Info.plist;
				LD_RUNPATH_SEARCH_PATHS = "$(inherited) @executable_path/Frameworks @loader_path/Frameworks";
				METAL_ENABLE_DEBUG_INFO = YES;
				PRODUCT_NAME = "$(TARGET_NAME)";
				TEST_HOST = "$(BUNDLE_LOADER)";
			};
			name = Debug;
		};
		C2190CA41959733700AF0202 /* Release */ = {
			isa = XCBuildConfiguration;
			buildSettings = {
				BUNDLE_LOADER = "$(BUILT_PRODUCTS_DIR)/SwiftFoundation.app/SwiftFoundation";
				FRAMEWORK_SEARCH_PATHS = (
					"$(SDKROOT)/Developer/Library/Frameworks",
					"$(inherited)",
				);
				INFOPLIST_FILE = SwiftFoundationTests/Info.plist;
				LD_RUNPATH_SEARCH_PATHS = "$(inherited) @executable_path/Frameworks @loader_path/Frameworks";
				METAL_ENABLE_DEBUG_INFO = NO;
				PRODUCT_NAME = "$(TARGET_NAME)";
				TEST_HOST = "$(BUNDLE_LOADER)";
			};
			name = Release;
		};
/* End XCBuildConfiguration section */

/* Begin XCConfigurationList section */
		C2190C831959733700AF0202 /* Build configuration list for PBXProject "SwiftFoundation" */ = {
			isa = XCConfigurationList;
			buildConfigurations = (
				C2190C9D1959733700AF0202 /* Debug */,
				C2190C9E1959733700AF0202 /* Release */,
			);
			defaultConfigurationIsVisible = 0;
			defaultConfigurationName = Release;
		};
		C2190C9F1959733700AF0202 /* Build configuration list for PBXNativeTarget "SwiftFoundation" */ = {
			isa = XCConfigurationList;
			buildConfigurations = (
				C2190CA01959733700AF0202 /* Debug */,
				C2190CA11959733700AF0202 /* Release */,
			);
			defaultConfigurationIsVisible = 0;
			defaultConfigurationName = Release;
		};
		C2190CA21959733700AF0202 /* Build configuration list for PBXNativeTarget "SwiftFoundationTests" */ = {
			isa = XCConfigurationList;
			buildConfigurations = (
				C2190CA31959733700AF0202 /* Debug */,
				C2190CA41959733700AF0202 /* Release */,
			);
			defaultConfigurationIsVisible = 0;
			defaultConfigurationName = Release;
		};
/* End XCConfigurationList section */
	};
	rootObject = C2190C801959733700AF0202 /* Project object */;
}
