// !$*UTF8*$!
{
	archiveVersion = 1;
	classes = {
	};
	objectVersion = 46;
	objects = {

/* Begin PBXBuildFile section */
		C208AC4C1963F39800E9ED76 /* Agent.swift in Sources */ = {isa = PBXBuildFile; fileRef = C208AC4B1963F39800E9ED76 /* Agent.swift */; };
		C208AC4E1964078100E9ED76 /* NeteaseViewController.swift in Sources */ = {isa = PBXBuildFile; fileRef = C208AC4D1964078100E9ED76 /* NeteaseViewController.swift */; };
		C208AC581964256600E9ED76 /* ClosureBaseViewController.swift in Sources */ = {isa = PBXBuildFile; fileRef = C208AC571964256600E9ED76 /* ClosureBaseViewController.swift */; };
		C208AC5C1964390E00E9ED76 /* webService.swift in Sources */ = {isa = PBXBuildFile; fileRef = C208AC5B1964390E00E9ED76 /* webService.swift */; };
		C208AC5E19643AE100E9ED76 /* webRequestViewController.swift in Sources */ = {isa = PBXBuildFile; fileRef = C208AC5D19643AE100E9ED76 /* webRequestViewController.swift */; };
		C214F2111959E2E000D53562 /* UIViewSizeExt.swift in Sources */ = {isa = PBXBuildFile; fileRef = C214F2101959E2E000D53562 /* UIViewSizeExt.swift */; };
		C214F2131959E9DB00D53562 /* UIImageExt.swift in Sources */ = {isa = PBXBuildFile; fileRef = C214F2121959E9DB00D53562 /* UIImageExt.swift */; };
		C214F2151959EBCA00D53562 /* StringExt.swift in Sources */ = {isa = PBXBuildFile; fileRef = C214F2141959EBCA00D53562 /* StringExt.swift */; };
		C214F2171959ED0000D53562 /* ArrayExt.swift in Sources */ = {isa = PBXBuildFile; fileRef = C214F2161959ED0000D53562 /* ArrayExt.swift */; };
		C214F21B1959F0CD00D53562 /* UIImageCache.swift in Sources */ = {isa = PBXBuildFile; fileRef = C214F21A1959F0CD00D53562 /* UIImageCache.swift */; };
		C214F21E1959F2B900D53562 /* UITableViewManager.swift in Sources */ = {isa = PBXBuildFile; fileRef = C214F21D1959F2B900D53562 /* UITableViewManager.swift */; };
		C2190C8E1959733700AF0202 /* AppDelegate.swift in Sources */ = {isa = PBXBuildFile; fileRef = C2190C8D1959733700AF0202 /* AppDelegate.swift */; };
		C2190C901959733700AF0202 /* Images.xcassets in Resources */ = {isa = PBXBuildFile; fileRef = C2190C8F1959733700AF0202 /* Images.xcassets */; };
		C2190C9C1959733700AF0202 /* SwiftFoundationTests.swift in Sources */ = {isa = PBXBuildFile; fileRef = C2190C9B1959733700AF0202 /* SwiftFoundationTests.swift */; };
		C2190CA819597C1700AF0202 /* BaseTabBarViewController.swift in Sources */ = {isa = PBXBuildFile; fileRef = C2190CA719597C1700AF0202 /* BaseTabBarViewController.swift */; };
		C2190CAA19597CBF00AF0202 /* BaseViewController.swift in Sources */ = {isa = PBXBuildFile; fileRef = C2190CA919597CBF00AF0202 /* BaseViewController.swift */; };
		C2190CAC19597D2000AF0202 /* FoundationViewController.swift in Sources */ = {isa = PBXBuildFile; fileRef = C2190CAB19597D2000AF0202 /* FoundationViewController.swift */; };
		C2190CAE19597D6B00AF0202 /* UIKitViewController.swift in Sources */ = {isa = PBXBuildFile; fileRef = C2190CAD19597D6B00AF0202 /* UIKitViewController.swift */; };
		C2190CB419597FD500AF0202 /* OtherViewController.swift in Sources */ = {isa = PBXBuildFile; fileRef = C2190CB319597FD500AF0202 /* OtherViewController.swift */; };
		C278DAB519613DA100110012 /* Foundation.framework in Frameworks */ = {isa = PBXBuildFile; fileRef = C278DAB419613DA100110012 /* Foundation.framework */; settings = {ATTRIBUTES = (Required, ); }; };
		C278DAB8196145F400110012 /* MapViewViewController.swift in Sources */ = {isa = PBXBuildFile; fileRef = C278DAB7196145F400110012 /* MapViewViewController.swift */; };
		C27E9C5219614A9D00D839D1 /* MapKit.framework in Frameworks */ = {isa = PBXBuildFile; fileRef = C27E9C5119614A9D00D839D1 /* MapKit.framework */; settings = {ATTRIBUTES = (Required, ); }; };
		C27E9C5419614AB200D839D1 /* CoreLocation.framework in Frameworks */ = {isa = PBXBuildFile; fileRef = C27E9C5319614AB200D839D1 /* CoreLocation.framework */; };
		C2A0D3671962B06A00EDB6A6 /* FMDatabase.m in Sources */ = {isa = PBXBuildFile; fileRef = C2A0D35D1962B06A00EDB6A6 /* FMDatabase.m */; };
		C2A0D3681962B06A00EDB6A6 /* FMDatabaseAdditions.m in Sources */ = {isa = PBXBuildFile; fileRef = C2A0D35F1962B06A00EDB6A6 /* FMDatabaseAdditions.m */; };
		C2A0D3691962B06A00EDB6A6 /* FMDatabasePool.m in Sources */ = {isa = PBXBuildFile; fileRef = C2A0D3611962B06A00EDB6A6 /* FMDatabasePool.m */; };
		C2A0D36A1962B06A00EDB6A6 /* FMDatabaseQueue.m in Sources */ = {isa = PBXBuildFile; fileRef = C2A0D3631962B06A00EDB6A6 /* FMDatabaseQueue.m */; };
		C2A0D36B1962B06A00EDB6A6 /* FMResultSet.m in Sources */ = {isa = PBXBuildFile; fileRef = C2A0D3661962B06A00EDB6A6 /* FMResultSet.m */; };
		C2A0D36D1962B07F00EDB6A6 /* libsqlite3.dylib in Frameworks */ = {isa = PBXBuildFile; fileRef = C2A0D36C1962B07F00EDB6A6 /* libsqlite3.dylib */; };
		C2A0D36F1962B13300EDB6A6 /* FMDBViewController.swift in Sources */ = {isa = PBXBuildFile; fileRef = C2A0D36E1962B13300EDB6A6 /* FMDBViewController.swift */; };
		C2A0D3711962B3DC00EDB6A6 /* UIKitDetailViewController.swift in Sources */ = {isa = PBXBuildFile; fileRef = C2A0D3701962B3DC00EDB6A6 /* UIKitDetailViewController.swift */; };
		C2A0D3761962B6F100EDB6A6 /* UIKit.framework in Frameworks */ = {isa = PBXBuildFile; fileRef = C2A0D3751962B6F100EDB6A6 /* UIKit.framework */; settings = {ATTRIBUTES = (Weak, ); }; };
		C2A682391963081F00E46F8E /* ClosureShowValueViewController.swift in Sources */ = {isa = PBXBuildFile; fileRef = C2A682381963081F00E46F8E /* ClosureShowValueViewController.swift */; };
		C2A6823B1963085700E46F8E /* ClosureEditValueViewController.swift in Sources */ = {isa = PBXBuildFile; fileRef = C2A6823A1963085700E46F8E /* ClosureEditValueViewController.swift */; };
		C2A6823D1963114E00E46F8E /* ProtocolShowValueViewController.swift in Sources */ = {isa = PBXBuildFile; fileRef = C2A6823C1963114E00E46F8E /* ProtocolShowValueViewController.swift */; };
		C2A6823F1963119E00E46F8E /* ProtocolEditValueViewController.swift in Sources */ = {isa = PBXBuildFile; fileRef = C2A6823E1963119E00E46F8E /* ProtocolEditValueViewController.swift */; };
		C2C021E519646469006CBCBA /* 中雨.png in Resources */ = {isa = PBXBuildFile; fileRef = C2C021D219646469006CBCBA /* 中雨.png */; };
		C2C021E619646469006CBCBA /* 中雨转晴.png in Resources */ = {isa = PBXBuildFile; fileRef = C2C021D319646469006CBCBA /* 中雨转晴.png */; };
		C2C021E719646469006CBCBA /* 中雪.png in Resources */ = {isa = PBXBuildFile; fileRef = C2C021D419646469006CBCBA /* 中雪.png */; };
		C2C021E819646469006CBCBA /* 冰.png in Resources */ = {isa = PBXBuildFile; fileRef = C2C021D519646469006CBCBA /* 冰.png */; };
		C2C021E919646469006CBCBA /* 多云.png in Resources */ = {isa = PBXBuildFile; fileRef = C2C021D619646469006CBCBA /* 多云.png */; };
		C2C021EA19646469006CBCBA /* 大雨.png in Resources */ = {isa = PBXBuildFile; fileRef = C2C021D719646469006CBCBA /* 大雨.png */; };
		C2C021EB19646469006CBCBA /* 大雨转晴.png in Resources */ = {isa = PBXBuildFile; fileRef = C2C021D819646469006CBCBA /* 大雨转晴.png */; };
		C2C021EC19646469006CBCBA /* 大雪.png in Resources */ = {isa = PBXBuildFile; fileRef = C2C021D919646469006CBCBA /* 大雪.png */; };
		C2C021ED19646469006CBCBA /* 天气预报.png in Resources */ = {isa = PBXBuildFile; fileRef = C2C021DA19646469006CBCBA /* 天气预报.png */; };
		C2C021EE19646469006CBCBA /* 天气预报@2x.gif in Resources */ = {isa = PBXBuildFile; fileRef = C2C021DB19646469006CBCBA /* 天气预报@2x.gif */; };
		C2C021EF19646469006CBCBA /* 小雪.png in Resources */ = {isa = PBXBuildFile; fileRef = C2C021DC19646469006CBCBA /* 小雪.png */; };
		C2C021F019646469006CBCBA /* 晴.png in Resources */ = {isa = PBXBuildFile; fileRef = C2C021DD19646469006CBCBA /* 晴.png */; };
		C2C021F119646469006CBCBA /* 阴.png in Resources */ = {isa = PBXBuildFile; fileRef = C2C021DE19646469006CBCBA /* 阴.png */; };
		C2C021F219646469006CBCBA /* 阴转晴.png in Resources */ = {isa = PBXBuildFile; fileRef = C2C021DF19646469006CBCBA /* 阴转晴.png */; };
		C2C021F319646469006CBCBA /* 雨夹雪.png in Resources */ = {isa = PBXBuildFile; fileRef = C2C021E019646469006CBCBA /* 雨夹雪.png */; };
		C2C021F419646469006CBCBA /* 雷阵雨.png in Resources */ = {isa = PBXBuildFile; fileRef = C2C021E119646469006CBCBA /* 雷阵雨.png */; };
		C2C021F519646469006CBCBA /* 雷雨.png in Resources */ = {isa = PBXBuildFile; fileRef = C2C021E219646469006CBCBA /* 雷雨.png */; };
		C2C021F619646469006CBCBA /* 雾.png in Resources */ = {isa = PBXBuildFile; fileRef = C2C021E319646469006CBCBA /* 雾.png */; };
		C2C021F719646469006CBCBA /* 风.png in Resources */ = {isa = PBXBuildFile; fileRef = C2C021E419646469006CBCBA /* 风.png */; };
		C2C5FB6C196A85F800FF717B /* String+Ext.swift in Sources */ = {isa = PBXBuildFile; fileRef = C2C5FB6B196A85F800FF717B /* String+Ext.swift */; };
		C2C8186A1963A4540028A8CB /* SingletonOne.swift in Sources */ = {isa = PBXBuildFile; fileRef = C2C818691963A4540028A8CB /* SingletonOne.swift */; };
		C2C8186C1963A5850028A8CB /* SingletonTwo.swift in Sources */ = {isa = PBXBuildFile; fileRef = C2C8186B1963A5850028A8CB /* SingletonTwo.swift */; };
		C2C8186E1963A5BA0028A8CB /* SingletonThree.swift in Sources */ = {isa = PBXBuildFile; fileRef = C2C8186D1963A5BA0028A8CB /* SingletonThree.swift */; };
		C2C818701963AD8E0028A8CB /* SingletonPatternViewController.swift in Sources */ = {isa = PBXBuildFile; fileRef = C2C8186F1963AD8E0028A8CB /* SingletonPatternViewController.swift */; };
		C2C818731963B91B0028A8CB /* FileUtility.swift in Sources */ = {isa = PBXBuildFile; fileRef = C2C818721963B91B0028A8CB /* FileUtility.swift */; };
		C2CA1AFB1960170700027DEF /* UITableBaseViewController.swift in Sources */ = {isa = PBXBuildFile; fileRef = C2CA1AFA1960170700027DEF /* UITableBaseViewController.swift */; };
		C2CA1AFE1960569700027DEF /* BaiduZhiDaoController.swift in Sources */ = {isa = PBXBuildFile; fileRef = C2CA1AFD1960569700027DEF /* BaiduZhiDaoController.swift */; };
		C2CCD21A1963E7EC000F08A5 /* UIImageView+WebCache.swift in Sources */ = {isa = PBXBuildFile; fileRef = C2CCD2191963E7EC000F08A5 /* UIImageView+WebCache.swift */; };
		C2CCD21C1963E9A4000F08A5 /* UIImageCacheViewController.swift in Sources */ = {isa = PBXBuildFile; fileRef = C2CCD21B1963E9A4000F08A5 /* UIImageCacheViewController.swift */; };
		C2DF1B5B19654744009E760E /* ContactViewController.swift in Sources */ = {isa = PBXBuildFile; fileRef = C2DF1B5919654744009E760E /* ContactViewController.swift */; };
		C2DF1B5F1965479E009E760E /* NewsViewCell.swift in Sources */ = {isa = PBXBuildFile; fileRef = C2DF1B5D1965479E009E760E /* NewsViewCell.swift */; };
		C2DF1B601965479E009E760E /* NewsViewCell.xib in Resources */ = {isa = PBXBuildFile; fileRef = C2DF1B5E1965479E009E760E /* NewsViewCell.xib */; };
		C2DF1B62196647CF009E760E /* ConstantAndVariablesController.swift in Sources */ = {isa = PBXBuildFile; fileRef = C2DF1B61196647CF009E760E /* ConstantAndVariablesController.swift */; };
		C2DF1B641966496D009E760E /* IntegerAndFloatController.swift in Sources */ = {isa = PBXBuildFile; fileRef = C2DF1B631966496D009E760E /* IntegerAndFloatController.swift */; };
		C2DF1B6619664B64009E760E /* TuplesViewController.swift in Sources */ = {isa = PBXBuildFile; fileRef = C2DF1B6519664B64009E760E /* TuplesViewController.swift */; };
		C2DF1B6819664CD6009E760E /* OptionalsValueController.swift in Sources */ = {isa = PBXBuildFile; fileRef = C2DF1B6719664CD6009E760E /* OptionalsValueController.swift */; };
		C2DF1B6A196660CE009E760E /* BasicOperatorsController.swift in Sources */ = {isa = PBXBuildFile; fileRef = C2DF1B69196660CE009E760E /* BasicOperatorsController.swift */; };
		C2DF1B6C1966800F009E760E /* StringsAndCharactersController.swift in Sources */ = {isa = PBXBuildFile; fileRef = C2DF1B6B1966800F009E760E /* StringsAndCharactersController.swift */; };
		C2DF1B6E19668489009E760E /* ArrayAndDictionaryController.swift in Sources */ = {isa = PBXBuildFile; fileRef = C2DF1B6D19668489009E760E /* ArrayAndDictionaryController.swift */; };
		C2DF1B701966898F009E760E /* FlowControlController.swift in Sources */ = {isa = PBXBuildFile; fileRef = C2DF1B6F1966898F009E760E /* FlowControlController.swift */; };
		C2DF1B72196693F8009E760E /* FunctionsViewController.swift in Sources */ = {isa = PBXBuildFile; fileRef = C2DF1B71196693F8009E760E /* FunctionsViewController.swift */; };
		C2DF1B74196699F6009E760E /* ClosuresViewController.swift in Sources */ = {isa = PBXBuildFile; fileRef = C2DF1B73196699F6009E760E /* ClosuresViewController.swift */; };
		C2DF1B7619669D78009E760E /* OptionalTypeViewController.swift in Sources */ = {isa = PBXBuildFile; fileRef = C2DF1B7519669D78009E760E /* OptionalTypeViewController.swift */; };
		C2DF1B7A1966A739009E760E /* ClassAndStructController.swift in Sources */ = {isa = PBXBuildFile; fileRef = C2DF1B791966A739009E760E /* ClassAndStructController.swift */; };
		C2DF1B7C1966ACAB009E760E /* PropertiesController.swift in Sources */ = {isa = PBXBuildFile; fileRef = C2DF1B7B1966ACAB009E760E /* PropertiesController.swift */; };
		C2DF1B7E1966AF54009E760E /* InstanceMethodsController.swift in Sources */ = {isa = PBXBuildFile; fileRef = C2DF1B7D1966AF54009E760E /* InstanceMethodsController.swift */; };
		C2DF1B801966B9BD009E760E /* InheritanceController.swift in Sources */ = {isa = PBXBuildFile; fileRef = C2DF1B7F1966B9BD009E760E /* InheritanceController.swift */; };
		C2DF1B821966BAE1009E760E /* InitializationController.swift in Sources */ = {isa = PBXBuildFile; fileRef = C2DF1B811966BAE1009E760E /* InitializationController.swift */; };
		C2DF1B841966BD23009E760E /* DeinitializationController.swift in Sources */ = {isa = PBXBuildFile; fileRef = C2DF1B831966BD23009E760E /* DeinitializationController.swift */; };
		C2DF1B861966BE4B009E760E /* AutomaticReferenceCountController.swift in Sources */ = {isa = PBXBuildFile; fileRef = C2DF1B851966BE4B009E760E /* AutomaticReferenceCountController.swift */; };
		C2DF1B881966BFFC009E760E /* OptionalChainningController.swift in Sources */ = {isa = PBXBuildFile; fileRef = C2DF1B871966BFFC009E760E /* OptionalChainningController.swift */; };
		C2DF1B8A1966C570009E760E /* GenericController.swift in Sources */ = {isa = PBXBuildFile; fileRef = C2DF1B891966C570009E760E /* GenericController.swift */; };
		C2DF1B8C1966D4CA009E760E /* TypeCastingController.swift in Sources */ = {isa = PBXBuildFile; fileRef = C2DF1B8B1966D4CA009E760E /* TypeCastingController.swift */; };
		C2DF1B8E1966D6BB009E760E /* NestedTypesController.swift in Sources */ = {isa = PBXBuildFile; fileRef = C2DF1B8D1966D6BB009E760E /* NestedTypesController.swift */; };
		C2DF1B901966D7BA009E760E /* ExtensionsController.swift in Sources */ = {isa = PBXBuildFile; fileRef = C2DF1B8F1966D7BA009E760E /* ExtensionsController.swift */; };
		C2ED3DDE195D4B3000C14C63 /* DataStoreViewController.swift in Sources */ = {isa = PBXBuildFile; fileRef = C2ED3DDD195D4B3000C14C63 /* DataStoreViewController.swift */; };
		C2ED3DEB195D4DAB00C14C63 /* icon-29@2x.png in Resources */ = {isa = PBXBuildFile; fileRef = C2ED3DE0195D4DAB00C14C63 /* icon-29@2x.png */; };
		C2ED3DEC195D4DAB00C14C63 /* icon-40@2x.png in Resources */ = {isa = PBXBuildFile; fileRef = C2ED3DE1195D4DAB00C14C63 /* icon-40@2x.png */; };
		C2ED3DED195D4DAB00C14C63 /* icon-60@2x.png in Resources */ = {isa = PBXBuildFile; fileRef = C2ED3DE2195D4DAB00C14C63 /* icon-60@2x.png */; };
		C2ED3DEE195D4DAB00C14C63 /* tab_icon_base@2x.png in Resources */ = {isa = PBXBuildFile; fileRef = C2ED3DE3195D4DAB00C14C63 /* tab_icon_base@2x.png */; };
		C2ED3DEF195D4DAB00C14C63 /* tab_icon_uikit@2x.png in Resources */ = {isa = PBXBuildFile; fileRef = C2ED3DE4195D4DAB00C14C63 /* tab_icon_uikit@2x.png */; };
		C2ED3DF0195D4DAB00C14C63 /* tab_icon_data@2x.png in Resources */ = {isa = PBXBuildFile; fileRef = C2ED3DE5195D4DAB00C14C63 /* tab_icon_data@2x.png */; };
		C2ED3DF1195D4DAB00C14C63 /* tab_icon_other@2x.png in Resources */ = {isa = PBXBuildFile; fileRef = C2ED3DE6195D4DAB00C14C63 /* tab_icon_other@2x.png */; };
		C2ED3DF2195D4DAB00C14C63 /* tab_icon_base_s@2x.png in Resources */ = {isa = PBXBuildFile; fileRef = C2ED3DE7195D4DAB00C14C63 /* tab_icon_base_s@2x.png */; };
		C2ED3DF3195D4DAB00C14C63 /* tab_icon_uikit_s@2x.png in Resources */ = {isa = PBXBuildFile; fileRef = C2ED3DE8195D4DAB00C14C63 /* tab_icon_uikit_s@2x.png */; };
		C2ED3DF4195D4DAB00C14C63 /* tab_icon_data_s@2x.png in Resources */ = {isa = PBXBuildFile; fileRef = C2ED3DE9195D4DAB00C14C63 /* tab_icon_data_s@2x.png */; };
		C2ED3DF5195D4DAB00C14C63 /* tab_icon_other_s@2xpng in Resources */ = {isa = PBXBuildFile; fileRef = C2ED3DEA195D4DAB00C14C63 /* tab_icon_other_s@2xpng */; };
/* End PBXBuildFile section */

/* Begin PBXContainerItemProxy section */
		C2190C961959733700AF0202 /* PBXContainerItemProxy */ = {
			isa = PBXContainerItemProxy;
			containerPortal = C2190C801959733700AF0202 /* Project object */;
			proxyType = 1;
			remoteGlobalIDString = C2190C871959733700AF0202;
			remoteInfo = SwiftFoundation;
		};
/* End PBXContainerItemProxy section */

/* Begin PBXFileReference section */
		C208AC4B1963F39800E9ED76 /* Agent.swift */ = {isa = PBXFileReference; fileEncoding = 4; lastKnownFileType = sourcecode.swift; path = Agent.swift; sourceTree = "<group>"; };
		C208AC4D1964078100E9ED76 /* NeteaseViewController.swift */ = {isa = PBXFileReference; fileEncoding = 4; lastKnownFileType = sourcecode.swift; path = NeteaseViewController.swift; sourceTree = "<group>"; };
		C208AC571964256600E9ED76 /* ClosureBaseViewController.swift */ = {isa = PBXFileReference; fileEncoding = 4; lastKnownFileType = sourcecode.swift; path = ClosureBaseViewController.swift; sourceTree = "<group>"; };
		C208AC5B1964390E00E9ED76 /* webService.swift */ = {isa = PBXFileReference; fileEncoding = 4; lastKnownFileType = sourcecode.swift; path = webService.swift; sourceTree = "<group>"; };
		C208AC5D19643AE100E9ED76 /* webRequestViewController.swift */ = {isa = PBXFileReference; fileEncoding = 4; lastKnownFileType = sourcecode.swift; path = webRequestViewController.swift; sourceTree = "<group>"; };
		C214F2101959E2E000D53562 /* UIViewSizeExt.swift */ = {isa = PBXFileReference; fileEncoding = 4; lastKnownFileType = sourcecode.swift; path = UIViewSizeExt.swift; sourceTree = "<group>"; };
		C214F2121959E9DB00D53562 /* UIImageExt.swift */ = {isa = PBXFileReference; fileEncoding = 4; lastKnownFileType = sourcecode.swift; path = UIImageExt.swift; sourceTree = "<group>"; };
		C214F2141959EBCA00D53562 /* StringExt.swift */ = {isa = PBXFileReference; fileEncoding = 4; lastKnownFileType = sourcecode.swift; path = StringExt.swift; sourceTree = "<group>"; };
		C214F2161959ED0000D53562 /* ArrayExt.swift */ = {isa = PBXFileReference; fileEncoding = 4; lastKnownFileType = sourcecode.swift; path = ArrayExt.swift; sourceTree = "<group>"; };
		C214F21A1959F0CD00D53562 /* UIImageCache.swift */ = {isa = PBXFileReference; fileEncoding = 4; lastKnownFileType = sourcecode.swift; path = UIImageCache.swift; sourceTree = "<group>"; };
		C214F21D1959F2B900D53562 /* UITableViewManager.swift */ = {isa = PBXFileReference; fileEncoding = 4; lastKnownFileType = sourcecode.swift; path = UITableViewManager.swift; sourceTree = "<group>"; };
		C2190C881959733700AF0202 /* SwiftFoundation.app */ = {isa = PBXFileReference; explicitFileType = wrapper.application; includeInIndex = 0; path = SwiftFoundation.app; sourceTree = BUILT_PRODUCTS_DIR; };
		C2190C8C1959733700AF0202 /* Info.plist */ = {isa = PBXFileReference; lastKnownFileType = text.plist.xml; path = Info.plist; sourceTree = "<group>"; };
		C2190C8D1959733700AF0202 /* AppDelegate.swift */ = {isa = PBXFileReference; lastKnownFileType = sourcecode.swift; path = AppDelegate.swift; sourceTree = "<group>"; };
		C2190C8F1959733700AF0202 /* Images.xcassets */ = {isa = PBXFileReference; lastKnownFileType = folder.assetcatalog; path = Images.xcassets; sourceTree = "<group>"; };
		C2190C951959733700AF0202 /* SwiftFoundationTests.xctest */ = {isa = PBXFileReference; explicitFileType = wrapper.cfbundle; includeInIndex = 0; path = SwiftFoundationTests.xctest; sourceTree = BUILT_PRODUCTS_DIR; };
		C2190C9A1959733700AF0202 /* Info.plist */ = {isa = PBXFileReference; lastKnownFileType = text.plist.xml; path = Info.plist; sourceTree = "<group>"; };
		C2190C9B1959733700AF0202 /* SwiftFoundationTests.swift */ = {isa = PBXFileReference; lastKnownFileType = sourcecode.swift; path = SwiftFoundationTests.swift; sourceTree = "<group>"; };
		C2190CA719597C1700AF0202 /* BaseTabBarViewController.swift */ = {isa = PBXFileReference; fileEncoding = 4; lastKnownFileType = sourcecode.swift; path = BaseTabBarViewController.swift; sourceTree = "<group>"; };
		C2190CA919597CBF00AF0202 /* BaseViewController.swift */ = {isa = PBXFileReference; fileEncoding = 4; lastKnownFileType = sourcecode.swift; path = BaseViewController.swift; sourceTree = "<group>"; };
		C2190CAB19597D2000AF0202 /* FoundationViewController.swift */ = {isa = PBXFileReference; fileEncoding = 4; lastKnownFileType = sourcecode.swift; path = FoundationViewController.swift; sourceTree = "<group>"; };
		C2190CAD19597D6B00AF0202 /* UIKitViewController.swift */ = {isa = PBXFileReference; fileEncoding = 4; lastKnownFileType = sourcecode.swift; path = UIKitViewController.swift; sourceTree = "<group>"; };
		C2190CB319597FD500AF0202 /* OtherViewController.swift */ = {isa = PBXFileReference; fileEncoding = 4; lastKnownFileType = sourcecode.swift; path = OtherViewController.swift; sourceTree = "<group>"; };
		C278DAB419613DA100110012 /* Foundation.framework */ = {isa = PBXFileReference; lastKnownFileType = wrapper.framework; name = Foundation.framework; path = System/Library/Frameworks/Foundation.framework; sourceTree = SDKROOT; };
		C278DAB7196145F400110012 /* MapViewViewController.swift */ = {isa = PBXFileReference; fileEncoding = 4; lastKnownFileType = sourcecode.swift; path = MapViewViewController.swift; sourceTree = "<group>"; };
		C27E9C5119614A9D00D839D1 /* MapKit.framework */ = {isa = PBXFileReference; lastKnownFileType = wrapper.framework; name = MapKit.framework; path = System/Library/Frameworks/MapKit.framework; sourceTree = SDKROOT; };
		C27E9C5319614AB200D839D1 /* CoreLocation.framework */ = {isa = PBXFileReference; lastKnownFileType = wrapper.framework; name = CoreLocation.framework; path = System/Library/Frameworks/CoreLocation.framework; sourceTree = SDKROOT; };
		C2A0D35C1962B06A00EDB6A6 /* FMDatabase.h */ = {isa = PBXFileReference; fileEncoding = 4; lastKnownFileType = sourcecode.c.h; path = FMDatabase.h; sourceTree = "<group>"; };
		C2A0D35D1962B06A00EDB6A6 /* FMDatabase.m */ = {isa = PBXFileReference; fileEncoding = 4; lastKnownFileType = sourcecode.c.objc; path = FMDatabase.m; sourceTree = "<group>"; };
		C2A0D35E1962B06A00EDB6A6 /* FMDatabaseAdditions.h */ = {isa = PBXFileReference; fileEncoding = 4; lastKnownFileType = sourcecode.c.h; path = FMDatabaseAdditions.h; sourceTree = "<group>"; };
		C2A0D35F1962B06A00EDB6A6 /* FMDatabaseAdditions.m */ = {isa = PBXFileReference; fileEncoding = 4; lastKnownFileType = sourcecode.c.objc; path = FMDatabaseAdditions.m; sourceTree = "<group>"; };
		C2A0D3601962B06A00EDB6A6 /* FMDatabasePool.h */ = {isa = PBXFileReference; fileEncoding = 4; lastKnownFileType = sourcecode.c.h; path = FMDatabasePool.h; sourceTree = "<group>"; };
		C2A0D3611962B06A00EDB6A6 /* FMDatabasePool.m */ = {isa = PBXFileReference; fileEncoding = 4; lastKnownFileType = sourcecode.c.objc; path = FMDatabasePool.m; sourceTree = "<group>"; };
		C2A0D3621962B06A00EDB6A6 /* FMDatabaseQueue.h */ = {isa = PBXFileReference; fileEncoding = 4; lastKnownFileType = sourcecode.c.h; path = FMDatabaseQueue.h; sourceTree = "<group>"; };
		C2A0D3631962B06A00EDB6A6 /* FMDatabaseQueue.m */ = {isa = PBXFileReference; fileEncoding = 4; lastKnownFileType = sourcecode.c.objc; path = FMDatabaseQueue.m; sourceTree = "<group>"; };
		C2A0D3641962B06A00EDB6A6 /* FMDB.h */ = {isa = PBXFileReference; fileEncoding = 4; lastKnownFileType = sourcecode.c.h; path = FMDB.h; sourceTree = "<group>"; };
		C2A0D3651962B06A00EDB6A6 /* FMResultSet.h */ = {isa = PBXFileReference; fileEncoding = 4; lastKnownFileType = sourcecode.c.h; path = FMResultSet.h; sourceTree = "<group>"; };
		C2A0D3661962B06A00EDB6A6 /* FMResultSet.m */ = {isa = PBXFileReference; fileEncoding = 4; lastKnownFileType = sourcecode.c.objc; path = FMResultSet.m; sourceTree = "<group>"; };
		C2A0D36C1962B07F00EDB6A6 /* libsqlite3.dylib */ = {isa = PBXFileReference; lastKnownFileType = "compiled.mach-o.dylib"; name = libsqlite3.dylib; path = usr/lib/libsqlite3.dylib; sourceTree = SDKROOT; };
		C2A0D36E1962B13300EDB6A6 /* FMDBViewController.swift */ = {isa = PBXFileReference; fileEncoding = 4; lastKnownFileType = sourcecode.swift; path = FMDBViewController.swift; sourceTree = "<group>"; };
		C2A0D3701962B3DC00EDB6A6 /* UIKitDetailViewController.swift */ = {isa = PBXFileReference; fileEncoding = 4; lastKnownFileType = sourcecode.swift; path = UIKitDetailViewController.swift; sourceTree = "<group>"; };
		C2A0D3751962B6F100EDB6A6 /* UIKit.framework */ = {isa = PBXFileReference; lastKnownFileType = wrapper.framework; name = UIKit.framework; path = System/Library/Frameworks/UIKit.framework; sourceTree = SDKROOT; };
		C2A0D4061962E7F800EDB6A6 /* SwiftFoundation-Bridging-Header.h */ = {isa = PBXFileReference; lastKnownFileType = sourcecode.c.h; path = "SwiftFoundation-Bridging-Header.h"; sourceTree = "<group>"; };
		C2A0D4071962E92500EDB6A6 /* Swift-Bridg-Header.h */ = {isa = PBXFileReference; lastKnownFileType = sourcecode.c.h; path = "Swift-Bridg-Header.h"; sourceTree = "<group>"; };
		C2A682381963081F00E46F8E /* ClosureShowValueViewController.swift */ = {isa = PBXFileReference; fileEncoding = 4; lastKnownFileType = sourcecode.swift; path = ClosureShowValueViewController.swift; sourceTree = "<group>"; };
		C2A6823A1963085700E46F8E /* ClosureEditValueViewController.swift */ = {isa = PBXFileReference; fileEncoding = 4; lastKnownFileType = sourcecode.swift; path = ClosureEditValueViewController.swift; sourceTree = "<group>"; };
		C2A6823C1963114E00E46F8E /* ProtocolShowValueViewController.swift */ = {isa = PBXFileReference; fileEncoding = 4; lastKnownFileType = sourcecode.swift; path = ProtocolShowValueViewController.swift; sourceTree = "<group>"; };
		C2A6823E1963119E00E46F8E /* ProtocolEditValueViewController.swift */ = {isa = PBXFileReference; fileEncoding = 4; lastKnownFileType = sourcecode.swift; path = ProtocolEditValueViewController.swift; sourceTree = "<group>"; };
		C2C021D219646469006CBCBA /* 中雨.png */ = {isa = PBXFileReference; lastKnownFileType = image.png; path = "中雨.png"; sourceTree = "<group>"; };
		C2C021D319646469006CBCBA /* 中雨转晴.png */ = {isa = PBXFileReference; lastKnownFileType = image.png; path = "中雨转晴.png"; sourceTree = "<group>"; };
		C2C021D419646469006CBCBA /* 中雪.png */ = {isa = PBXFileReference; lastKnownFileType = image.png; path = "中雪.png"; sourceTree = "<group>"; };
		C2C021D519646469006CBCBA /* 冰.png */ = {isa = PBXFileReference; lastKnownFileType = image.png; path = "冰.png"; sourceTree = "<group>"; };
		C2C021D619646469006CBCBA /* 多云.png */ = {isa = PBXFileReference; lastKnownFileType = image.png; path = "多云.png"; sourceTree = "<group>"; };
		C2C021D719646469006CBCBA /* 大雨.png */ = {isa = PBXFileReference; lastKnownFileType = image.png; path = "大雨.png"; sourceTree = "<group>"; };
		C2C021D819646469006CBCBA /* 大雨转晴.png */ = {isa = PBXFileReference; lastKnownFileType = image.png; path = "大雨转晴.png"; sourceTree = "<group>"; };
		C2C021D919646469006CBCBA /* 大雪.png */ = {isa = PBXFileReference; lastKnownFileType = image.png; path = "大雪.png"; sourceTree = "<group>"; };
		C2C021DA19646469006CBCBA /* 天气预报.png */ = {isa = PBXFileReference; lastKnownFileType = image.png; path = "天气预报.png"; sourceTree = "<group>"; };
		C2C021DB19646469006CBCBA /* 天气预报@2x.gif */ = {isa = PBXFileReference; lastKnownFileType = image.gif; path = "天气预报@2x.gif"; sourceTree = "<group>"; };
		C2C021DC19646469006CBCBA /* 小雪.png */ = {isa = PBXFileReference; lastKnownFileType = image.png; path = "小雪.png"; sourceTree = "<group>"; };
		C2C021DD19646469006CBCBA /* 晴.png */ = {isa = PBXFileReference; lastKnownFileType = image.png; path = "晴.png"; sourceTree = "<group>"; };
		C2C021DE19646469006CBCBA /* 阴.png */ = {isa = PBXFileReference; lastKnownFileType = image.png; path = "阴.png"; sourceTree = "<group>"; };
		C2C021DF19646469006CBCBA /* 阴转晴.png */ = {isa = PBXFileReference; lastKnownFileType = image.png; path = "阴转晴.png"; sourceTree = "<group>"; };
		C2C021E019646469006CBCBA /* 雨夹雪.png */ = {isa = PBXFileReference; lastKnownFileType = image.png; path = "雨夹雪.png"; sourceTree = "<group>"; };
		C2C021E119646469006CBCBA /* 雷阵雨.png */ = {isa = PBXFileReference; lastKnownFileType = image.png; path = "雷阵雨.png"; sourceTree = "<group>"; };
		C2C021E219646469006CBCBA /* 雷雨.png */ = {isa = PBXFileReference; lastKnownFileType = image.png; path = "雷雨.png"; sourceTree = "<group>"; };
		C2C021E319646469006CBCBA /* 雾.png */ = {isa = PBXFileReference; lastKnownFileType = image.png; path = "雾.png"; sourceTree = "<group>"; };
		C2C021E419646469006CBCBA /* 风.png */ = {isa = PBXFileReference; lastKnownFileType = image.png; path = "风.png"; sourceTree = "<group>"; };
		C2C5FB6B196A85F800FF717B /* String+Ext.swift */ = {isa = PBXFileReference; fileEncoding = 4; lastKnownFileType = sourcecode.swift; path = "String+Ext.swift"; sourceTree = "<group>"; };
		C2C818691963A4540028A8CB /* SingletonOne.swift */ = {isa = PBXFileReference; fileEncoding = 4; lastKnownFileType = sourcecode.swift; path = SingletonOne.swift; sourceTree = "<group>"; };
		C2C8186B1963A5850028A8CB /* SingletonTwo.swift */ = {isa = PBXFileReference; fileEncoding = 4; lastKnownFileType = sourcecode.swift; path = SingletonTwo.swift; sourceTree = "<group>"; };
		C2C8186D1963A5BA0028A8CB /* SingletonThree.swift */ = {isa = PBXFileReference; fileEncoding = 4; lastKnownFileType = sourcecode.swift; path = SingletonThree.swift; sourceTree = "<group>"; };
		C2C8186F1963AD8E0028A8CB /* SingletonPatternViewController.swift */ = {isa = PBXFileReference; fileEncoding = 4; lastKnownFileType = sourcecode.swift; path = SingletonPatternViewController.swift; sourceTree = "<group>"; };
		C2C818721963B91B0028A8CB /* FileUtility.swift */ = {isa = PBXFileReference; fileEncoding = 4; lastKnownFileType = sourcecode.swift; path = FileUtility.swift; sourceTree = "<group>"; };
		C2CA1AFA1960170700027DEF /* UITableBaseViewController.swift */ = {isa = PBXFileReference; fileEncoding = 4; lastKnownFileType = sourcecode.swift; path = UITableBaseViewController.swift; sourceTree = "<group>"; };
		C2CA1AFD1960569700027DEF /* BaiduZhiDaoController.swift */ = {isa = PBXFileReference; fileEncoding = 4; lastKnownFileType = sourcecode.swift; path = BaiduZhiDaoController.swift; sourceTree = "<group>"; };
		C2CCD2191963E7EC000F08A5 /* UIImageView+WebCache.swift */ = {isa = PBXFileReference; fileEncoding = 4; lastKnownFileType = sourcecode.swift; path = "UIImageView+WebCache.swift"; sourceTree = "<group>"; };
		C2CCD21B1963E9A4000F08A5 /* UIImageCacheViewController.swift */ = {isa = PBXFileReference; fileEncoding = 4; lastKnownFileType = sourcecode.swift; path = UIImageCacheViewController.swift; sourceTree = "<group>"; };
		C2DF1B5919654744009E760E /* ContactViewController.swift */ = {isa = PBXFileReference; fileEncoding = 4; lastKnownFileType = sourcecode.swift; path = ContactViewController.swift; sourceTree = "<group>"; };
		C2DF1B5D1965479E009E760E /* NewsViewCell.swift */ = {isa = PBXFileReference; fileEncoding = 4; lastKnownFileType = sourcecode.swift; path = NewsViewCell.swift; sourceTree = "<group>"; };
		C2DF1B5E1965479E009E760E /* NewsViewCell.xib */ = {isa = PBXFileReference; fileEncoding = 4; lastKnownFileType = file.xib; path = NewsViewCell.xib; sourceTree = "<group>"; };
		C2DF1B61196647CF009E760E /* ConstantAndVariablesController.swift */ = {isa = PBXFileReference; fileEncoding = 4; lastKnownFileType = sourcecode.swift; path = ConstantAndVariablesController.swift; sourceTree = "<group>"; };
		C2DF1B631966496D009E760E /* IntegerAndFloatController.swift */ = {isa = PBXFileReference; fileEncoding = 4; lastKnownFileType = sourcecode.swift; path = IntegerAndFloatController.swift; sourceTree = "<group>"; };
		C2DF1B6519664B64009E760E /* TuplesViewController.swift */ = {isa = PBXFileReference; fileEncoding = 4; lastKnownFileType = sourcecode.swift; path = TuplesViewController.swift; sourceTree = "<group>"; };
		C2DF1B6719664CD6009E760E /* OptionalsValueController.swift */ = {isa = PBXFileReference; fileEncoding = 4; lastKnownFileType = sourcecode.swift; path = OptionalsValueController.swift; sourceTree = "<group>"; };
		C2DF1B69196660CE009E760E /* BasicOperatorsController.swift */ = {isa = PBXFileReference; fileEncoding = 4; lastKnownFileType = sourcecode.swift; path = BasicOperatorsController.swift; sourceTree = "<group>"; };
		C2DF1B6B1966800F009E760E /* StringsAndCharactersController.swift */ = {isa = PBXFileReference; fileEncoding = 4; lastKnownFileType = sourcecode.swift; path = StringsAndCharactersController.swift; sourceTree = "<group>"; };
		C2DF1B6D19668489009E760E /* ArrayAndDictionaryController.swift */ = {isa = PBXFileReference; fileEncoding = 4; lastKnownFileType = sourcecode.swift; path = ArrayAndDictionaryController.swift; sourceTree = "<group>"; };
		C2DF1B6F1966898F009E760E /* FlowControlController.swift */ = {isa = PBXFileReference; fileEncoding = 4; lastKnownFileType = sourcecode.swift; path = FlowControlController.swift; sourceTree = "<group>"; };
		C2DF1B71196693F8009E760E /* FunctionsViewController.swift */ = {isa = PBXFileReference; fileEncoding = 4; lastKnownFileType = sourcecode.swift; path = FunctionsViewController.swift; sourceTree = "<group>"; };
		C2DF1B73196699F6009E760E /* ClosuresViewController.swift */ = {isa = PBXFileReference; fileEncoding = 4; lastKnownFileType = sourcecode.swift; path = ClosuresViewController.swift; sourceTree = "<group>"; };
		C2DF1B7519669D78009E760E /* OptionalTypeViewController.swift */ = {isa = PBXFileReference; fileEncoding = 4; lastKnownFileType = sourcecode.swift; path = OptionalTypeViewController.swift; sourceTree = "<group>"; };
		C2DF1B791966A739009E760E /* ClassAndStructController.swift */ = {isa = PBXFileReference; fileEncoding = 4; lastKnownFileType = sourcecode.swift; path = ClassAndStructController.swift; sourceTree = "<group>"; };
		C2DF1B7B1966ACAB009E760E /* PropertiesController.swift */ = {isa = PBXFileReference; fileEncoding = 4; lastKnownFileType = sourcecode.swift; path = PropertiesController.swift; sourceTree = "<group>"; };
		C2DF1B7D1966AF54009E760E /* InstanceMethodsController.swift */ = {isa = PBXFileReference; fileEncoding = 4; lastKnownFileType = sourcecode.swift; path = InstanceMethodsController.swift; sourceTree = "<group>"; };
		C2DF1B7F1966B9BD009E760E /* InheritanceController.swift */ = {isa = PBXFileReference; fileEncoding = 4; lastKnownFileType = sourcecode.swift; path = InheritanceController.swift; sourceTree = "<group>"; };
		C2DF1B811966BAE1009E760E /* InitializationController.swift */ = {isa = PBXFileReference; fileEncoding = 4; lastKnownFileType = sourcecode.swift; path = InitializationController.swift; sourceTree = "<group>"; };
		C2DF1B831966BD23009E760E /* DeinitializationController.swift */ = {isa = PBXFileReference; fileEncoding = 4; lastKnownFileType = sourcecode.swift; path = DeinitializationController.swift; sourceTree = "<group>"; };
		C2DF1B851966BE4B009E760E /* AutomaticReferenceCountController.swift */ = {isa = PBXFileReference; fileEncoding = 4; lastKnownFileType = sourcecode.swift; path = AutomaticReferenceCountController.swift; sourceTree = "<group>"; };
		C2DF1B871966BFFC009E760E /* OptionalChainningController.swift */ = {isa = PBXFileReference; fileEncoding = 4; lastKnownFileType = sourcecode.swift; path = OptionalChainningController.swift; sourceTree = "<group>"; };
		C2DF1B891966C570009E760E /* GenericController.swift */ = {isa = PBXFileReference; fileEncoding = 4; lastKnownFileType = sourcecode.swift; path = GenericController.swift; sourceTree = "<group>"; };
		C2DF1B8B1966D4CA009E760E /* TypeCastingController.swift */ = {isa = PBXFileReference; fileEncoding = 4; lastKnownFileType = sourcecode.swift; path = TypeCastingController.swift; sourceTree = "<group>"; };
		C2DF1B8D1966D6BB009E760E /* NestedTypesController.swift */ = {isa = PBXFileReference; fileEncoding = 4; lastKnownFileType = sourcecode.swift; path = NestedTypesController.swift; sourceTree = "<group>"; };
		C2DF1B8F1966D7BA009E760E /* ExtensionsController.swift */ = {isa = PBXFileReference; fileEncoding = 4; lastKnownFileType = sourcecode.swift; path = ExtensionsController.swift; sourceTree = "<group>"; };
		C2E8BF86196B91E10034B1AE /* ArrayAndDictionary.playground */ = {isa = PBXFileReference; lastKnownFileType = file.playground; path = ArrayAndDictionary.playground; sourceTree = "<group>"; };
		C2E8BF87196B93210034B1AE /* FlowControlController.playground */ = {isa = PBXFileReference; lastKnownFileType = file.playground; path = FlowControlController.playground; sourceTree = "<group>"; };
		C2E8BF88196B94C10034B1AE /* UILable.playground */ = {isa = PBXFileReference; lastKnownFileType = file.playground; path = UILable.playground; sourceTree = "<group>"; };
		C2ED3DDD195D4B3000C14C63 /* DataStoreViewController.swift */ = {isa = PBXFileReference; fileEncoding = 4; lastKnownFileType = sourcecode.swift; path = DataStoreViewController.swift; sourceTree = "<group>"; };
		C2ED3DE0195D4DAB00C14C63 /* icon-29@2x.png */ = {isa = PBXFileReference; lastKnownFileType = image.png; path = "icon-29@2x.png"; sourceTree = "<group>"; };
		C2ED3DE1195D4DAB00C14C63 /* icon-40@2x.png */ = {isa = PBXFileReference; lastKnownFileType = image.png; path = "icon-40@2x.png"; sourceTree = "<group>"; };
		C2ED3DE2195D4DAB00C14C63 /* icon-60@2x.png */ = {isa = PBXFileReference; lastKnownFileType = image.png; path = "icon-60@2x.png"; sourceTree = "<group>"; };
		C2ED3DE3195D4DAB00C14C63 /* tab_icon_base@2x.png */ = {isa = PBXFileReference; lastKnownFileType = image.png; path = "tab_icon_base@2x.png"; sourceTree = "<group>"; };
		C2ED3DE4195D4DAB00C14C63 /* tab_icon_uikit@2x.png */ = {isa = PBXFileReference; lastKnownFileType = image.png; path = "tab_icon_uikit@2x.png"; sourceTree = "<group>"; };
		C2ED3DE5195D4DAB00C14C63 /* tab_icon_data@2x.png */ = {isa = PBXFileReference; lastKnownFileType = image.png; path = "tab_icon_data@2x.png"; sourceTree = "<group>"; };
		C2ED3DE6195D4DAB00C14C63 /* tab_icon_other@2x.png */ = {isa = PBXFileReference; lastKnownFileType = image.png; path = "tab_icon_other@2x.png"; sourceTree = "<group>"; };
		C2ED3DE7195D4DAB00C14C63 /* tab_icon_base_s@2x.png */ = {isa = PBXFileReference; lastKnownFileType = image.png; path = "tab_icon_base_s@2x.png"; sourceTree = "<group>"; };
		C2ED3DE8195D4DAB00C14C63 /* tab_icon_uikit_s@2x.png */ = {isa = PBXFileReference; lastKnownFileType = image.png; path = "tab_icon_uikit_s@2x.png"; sourceTree = "<group>"; };
		C2ED3DE9195D4DAB00C14C63 /* tab_icon_data_s@2x.png */ = {isa = PBXFileReference; lastKnownFileType = image.png; path = "tab_icon_data_s@2x.png"; sourceTree = "<group>"; };
		C2ED3DEA195D4DAB00C14C63 /* tab_icon_other_s@2xpng */ = {isa = PBXFileReference; lastKnownFileType = file; path = "tab_icon_other_s@2xpng"; sourceTree = "<group>"; };
/* End PBXFileReference section */

/* Begin PBXFrameworksBuildPhase section */
		C2190C851959733700AF0202 /* Frameworks */ = {
			isa = PBXFrameworksBuildPhase;
			buildActionMask = 2147483647;
			files = (
				C2A0D3761962B6F100EDB6A6 /* UIKit.framework in Frameworks */,
				C2A0D36D1962B07F00EDB6A6 /* libsqlite3.dylib in Frameworks */,
				C27E9C5419614AB200D839D1 /* CoreLocation.framework in Frameworks */,
				C27E9C5219614A9D00D839D1 /* MapKit.framework in Frameworks */,
				C278DAB519613DA100110012 /* Foundation.framework in Frameworks */,
			);
			runOnlyForDeploymentPostprocessing = 0;
		};
		C2190C921959733700AF0202 /* Frameworks */ = {
			isa = PBXFrameworksBuildPhase;
			buildActionMask = 2147483647;
			files = (
			);
			runOnlyForDeploymentPostprocessing = 0;
		};
/* End PBXFrameworksBuildPhase section */

/* Begin PBXGroup section */
		C214F20F1959DE5D00D53562 /* extension */ = {
			isa = PBXGroup;
			children = (
				C214F2101959E2E000D53562 /* UIViewSizeExt.swift */,
				C214F2121959E9DB00D53562 /* UIImageExt.swift */,
				C214F2141959EBCA00D53562 /* StringExt.swift */,
				C214F2161959ED0000D53562 /* ArrayExt.swift */,
				C214F21A1959F0CD00D53562 /* UIImageCache.swift */,
			);
			name = extension;
			sourceTree = "<group>";
		};
		C214F21C1959F22B00D53562 /* UIViews */ = {
			isa = PBXGroup;
			children = (
				C214F21D1959F2B900D53562 /* UITableViewManager.swift */,
			);
			name = UIViews;
			sourceTree = "<group>";
		};
		C2190C7F1959733700AF0202 = {
			isa = PBXGroup;
			children = (
				C2190C8A1959733700AF0202 /* SwiftFoundation */,
				C2190C981959733700AF0202 /* SwiftFoundationTests */,
				C2190C891959733700AF0202 /* Products */,
			);
			sourceTree = "<group>";
		};
		C2190C891959733700AF0202 /* Products */ = {
			isa = PBXGroup;
			children = (
				C2190C881959733700AF0202 /* SwiftFoundation.app */,
				C2190C951959733700AF0202 /* SwiftFoundationTests.xctest */,
			);
			name = Products;
			sourceTree = "<group>";
		};
		C2190C8A1959733700AF0202 /* SwiftFoundation */ = {
			isa = PBXGroup;
			children = (
				C2E8BF85196B919A0034B1AE /* Playground */,
				C2C818711963B8AB0028A8CB /* Util */,
				C249C05219626B3400E5D3AA /* Classes */,
				C249C05119626A6600E5D3AA /* Resources */,
				C249C05019626A2A00E5D3AA /* Vendors */,
				C27E9C5519614E8500D839D1 /* Frameworks */,
				C214F20F1959DE5D00D53562 /* extension */,
				C2190C8D1959733700AF0202 /* AppDelegate.swift */,
				C2190C8F1959733700AF0202 /* Images.xcassets */,
				C2190C8B1959733700AF0202 /* Supporting Files */,
			);
			path = SwiftFoundation;
			sourceTree = "<group>";
		};
		C2190C8B1959733700AF0202 /* Supporting Files */ = {
			isa = PBXGroup;
			children = (
				C2190C8C1959733700AF0202 /* Info.plist */,
				C2A0D4061962E7F800EDB6A6 /* SwiftFoundation-Bridging-Header.h */,
				C2A0D4071962E92500EDB6A6 /* Swift-Bridg-Header.h */,
			);
			name = "Supporting Files";
			sourceTree = "<group>";
		};
		C2190C981959733700AF0202 /* SwiftFoundationTests */ = {
			isa = PBXGroup;
			children = (
				C2190C9B1959733700AF0202 /* SwiftFoundationTests.swift */,
				C2190C991959733700AF0202 /* Supporting Files */,
			);
			path = SwiftFoundationTests;
			sourceTree = "<group>";
		};
		C2190C991959733700AF0202 /* Supporting Files */ = {
			isa = PBXGroup;
			children = (
				C2190C9A1959733700AF0202 /* Info.plist */,
			);
			name = "Supporting Files";
			sourceTree = "<group>";
		};
		C249C05019626A2A00E5D3AA /* Vendors */ = {
			isa = PBXGroup;
			children = (
				C2A0D35B1962B06A00EDB6A6 /* FMDB */,
			);
			name = Vendors;
			sourceTree = "<group>";
		};
		C249C05119626A6600E5D3AA /* Resources */ = {
			isa = PBXGroup;
			children = (
				C2C021D119646469006CBCBA /* weather */,
				C2ED3DDF195D4DAB00C14C63 /* Images */,
			);
			name = Resources;
			sourceTree = "<group>";
		};
		C249C05219626B3400E5D3AA /* Classes */ = {
			isa = PBXGroup;
			children = (
				C249C05319626B6D00E5D3AA /* Controllers */,
				C214F21C1959F22B00D53562 /* UIViews */,
			);
			name = Classes;
			sourceTree = "<group>";
		};
		C249C05319626B6D00E5D3AA /* Controllers */ = {
			isa = PBXGroup;
			children = (
				C2A0D35A1962AFCC00EDB6A6 /* Other */,
				C2A0D3591962AFBE00EDB6A6 /* Foundation */,
				C2A0D3581962AFA100EDB6A6 /* Base */,
				C2CA1AFC1960562C00027DEF /* DataStore */,
				C2CA1AF9196016A500027DEF /* UIKitView */,
				C278DAB6196145C100110012 /* Other */,
			);
			name = Controllers;
			sourceTree = "<group>";
		};
		C278DAB6196145C100110012 /* Other */ = {
			isa = PBXGroup;
			children = (
				C278DAB7196145F400110012 /* MapViewViewController.swift */,
			);
			name = Other;
			sourceTree = "<group>";
		};
		C27E9C5519614E8500D839D1 /* Frameworks */ = {
			isa = PBXGroup;
			children = (
				C2A0D3751962B6F100EDB6A6 /* UIKit.framework */,
				C2A0D36C1962B07F00EDB6A6 /* libsqlite3.dylib */,
				C278DAB419613DA100110012 /* Foundation.framework */,
				C27E9C5319614AB200D839D1 /* CoreLocation.framework */,
				C27E9C5119614A9D00D839D1 /* MapKit.framework */,
			);
			name = Frameworks;
			sourceTree = "<group>";
		};
		C2A0D3581962AFA100EDB6A6 /* Base */ = {
			isa = PBXGroup;
			children = (
				C2190CA919597CBF00AF0202 /* BaseViewController.swift */,
				C2190CA719597C1700AF0202 /* BaseTabBarViewController.swift */,
			);
			name = Base;
			sourceTree = "<group>";
		};
		C2A0D3591962AFBE00EDB6A6 /* Foundation */ = {
			isa = PBXGroup;
			children = (
				C2190CAB19597D2000AF0202 /* FoundationViewController.swift */,
				C2A682381963081F00E46F8E /* ClosureShowValueViewController.swift */,
				C2A6823A1963085700E46F8E /* ClosureEditValueViewController.swift */,
				C2A6823C1963114E00E46F8E /* ProtocolShowValueViewController.swift */,
				C2A6823E1963119E00E46F8E /* ProtocolEditValueViewController.swift */,
				C2C818691963A4540028A8CB /* SingletonOne.swift */,
				C2C8186B1963A5850028A8CB /* SingletonTwo.swift */,
				C2C8186D1963A5BA0028A8CB /* SingletonThree.swift */,
				C2C8186F1963AD8E0028A8CB /* SingletonPatternViewController.swift */,
				C208AC571964256600E9ED76 /* ClosureBaseViewController.swift */,
				C208AC5B1964390E00E9ED76 /* webService.swift */,
				C208AC5D19643AE100E9ED76 /* webRequestViewController.swift */,
				C2DF1B61196647CF009E760E /* ConstantAndVariablesController.swift */,
				C2DF1B631966496D009E760E /* IntegerAndFloatController.swift */,
				C2DF1B6519664B64009E760E /* TuplesViewController.swift */,
				C2DF1B6719664CD6009E760E /* OptionalsValueController.swift */,
				C2DF1B69196660CE009E760E /* BasicOperatorsController.swift */,
				C2DF1B6B1966800F009E760E /* StringsAndCharactersController.swift */,
				C2DF1B6D19668489009E760E /* ArrayAndDictionaryController.swift */,
				C2DF1B6F1966898F009E760E /* FlowControlController.swift */,
				C2DF1B71196693F8009E760E /* FunctionsViewController.swift */,
				C2DF1B73196699F6009E760E /* ClosuresViewController.swift */,
				C2DF1B7519669D78009E760E /* OptionalTypeViewController.swift */,
				C2DF1B791966A739009E760E /* ClassAndStructController.swift */,
				C2DF1B7B1966ACAB009E760E /* PropertiesController.swift */,
				C2DF1B7D1966AF54009E760E /* InstanceMethodsController.swift */,
				C2DF1B7F1966B9BD009E760E /* InheritanceController.swift */,
				C2DF1B8F1966D7BA009E760E /* ExtensionsController.swift */,
				C2DF1B811966BAE1009E760E /* InitializationController.swift */,
				C2DF1B831966BD23009E760E /* DeinitializationController.swift */,
				C2DF1B851966BE4B009E760E /* AutomaticReferenceCountController.swift */,
				C2DF1B871966BFFC009E760E /* OptionalChainningController.swift */,
				C2DF1B891966C570009E760E /* GenericController.swift */,
				C2DF1B8B1966D4CA009E760E /* TypeCastingController.swift */,
				C2DF1B8D1966D6BB009E760E /* NestedTypesController.swift */,
			);
			name = Foundation;
			sourceTree = "<group>";
		};
		C2A0D35A1962AFCC00EDB6A6 /* Other */ = {
			isa = PBXGroup;
			children = (
				C2190CB319597FD500AF0202 /* OtherViewController.swift */,
			);
			name = Other;
			sourceTree = "<group>";
		};
		C2A0D35B1962B06A00EDB6A6 /* FMDB */ = {
			isa = PBXGroup;
			children = (
				C2A0D35C1962B06A00EDB6A6 /* FMDatabase.h */,
				C2A0D35D1962B06A00EDB6A6 /* FMDatabase.m */,
				C2A0D35E1962B06A00EDB6A6 /* FMDatabaseAdditions.h */,
				C2A0D35F1962B06A00EDB6A6 /* FMDatabaseAdditions.m */,
				C2A0D3601962B06A00EDB6A6 /* FMDatabasePool.h */,
				C2A0D3611962B06A00EDB6A6 /* FMDatabasePool.m */,
				C2A0D3621962B06A00EDB6A6 /* FMDatabaseQueue.h */,
				C2A0D3631962B06A00EDB6A6 /* FMDatabaseQueue.m */,
				C2A0D3641962B06A00EDB6A6 /* FMDB.h */,
				C2A0D3651962B06A00EDB6A6 /* FMResultSet.h */,
				C2A0D3661962B06A00EDB6A6 /* FMResultSet.m */,
			);
			path = FMDB;
			sourceTree = "<group>";
		};
		C2C021D119646469006CBCBA /* weather */ = {
			isa = PBXGroup;
			children = (
				C2C021D219646469006CBCBA /* 中雨.png */,
				C2C021D319646469006CBCBA /* 中雨转晴.png */,
				C2C021D419646469006CBCBA /* 中雪.png */,
				C2C021D519646469006CBCBA /* 冰.png */,
				C2C021D619646469006CBCBA /* 多云.png */,
				C2C021D719646469006CBCBA /* 大雨.png */,
				C2C021D819646469006CBCBA /* 大雨转晴.png */,
				C2C021D919646469006CBCBA /* 大雪.png */,
				C2C021DA19646469006CBCBA /* 天气预报.png */,
				C2C021DB19646469006CBCBA /* 天气预报@2x.gif */,
				C2C021DC19646469006CBCBA /* 小雪.png */,
				C2C021DD19646469006CBCBA /* 晴.png */,
				C2C021DE19646469006CBCBA /* 阴.png */,
				C2C021DF19646469006CBCBA /* 阴转晴.png */,
				C2C021E019646469006CBCBA /* 雨夹雪.png */,
				C2C021E119646469006CBCBA /* 雷阵雨.png */,
				C2C021E219646469006CBCBA /* 雷雨.png */,
				C2C021E319646469006CBCBA /* 雾.png */,
				C2C021E419646469006CBCBA /* 风.png */,
			);
			path = weather;
			sourceTree = "<group>";
		};
		C2C818711963B8AB0028A8CB /* Util */ = {
			isa = PBXGroup;
			children = (
				C208AC4B1963F39800E9ED76 /* Agent.swift */,
				C2C818721963B91B0028A8CB /* FileUtility.swift */,
				C2CCD2191963E7EC000F08A5 /* UIImageView+WebCache.swift */,
				C2C5FB6B196A85F800FF717B /* String+Ext.swift */,
			);
			name = Util;
			sourceTree = "<group>";
		};
		C2CA1AF9196016A500027DEF /* UIKitView */ = {
			isa = PBXGroup;
			children = (
				C2190CAD19597D6B00AF0202 /* UIKitViewController.swift */,
				C2CA1AFA1960170700027DEF /* UITableBaseViewController.swift */,
				C2A0D3701962B3DC00EDB6A6 /* UIKitDetailViewController.swift */,
			);
			name = UIKitView;
			sourceTree = "<group>";
		};
		C2CA1AFC1960562C00027DEF /* DataStore */ = {
			isa = PBXGroup;
			children = (
				C2DF1B5919654744009E760E /* ContactViewController.swift */,
				C2ED3DDD195D4B3000C14C63 /* DataStoreViewController.swift */,
				C2CA1AFD1960569700027DEF /* BaiduZhiDaoController.swift */,
				C2A0D36E1962B13300EDB6A6 /* FMDBViewController.swift */,
				C2CCD21B1963E9A4000F08A5 /* UIImageCacheViewController.swift */,
				C208AC4D1964078100E9ED76 /* NeteaseViewController.swift */,
				C2DF1B5D1965479E009E760E /* NewsViewCell.swift */,
				C2DF1B5E1965479E009E760E /* NewsViewCell.xib */,
			);
			name = DataStore;
			sourceTree = "<group>";
		};
		C2E8BF85196B919A0034B1AE /* Playground */ = {
			isa = PBXGroup;
			children = (
				C2E8BF86196B91E10034B1AE /* ArrayAndDictionary.playground */,
				C2E8BF87196B93210034B1AE /* FlowControlController.playground */,
				C2E8BF88196B94C10034B1AE /* UILable.playground */,
			);
			name = Playground;
			sourceTree = "<group>";
		};
		C2ED3DDF195D4DAB00C14C63 /* Images */ = {
			isa = PBXGroup;
			children = (
				C2ED3DE0195D4DAB00C14C63 /* icon-29@2x.png */,
				C2ED3DE1195D4DAB00C14C63 /* icon-40@2x.png */,
				C2ED3DE2195D4DAB00C14C63 /* icon-60@2x.png */,
				C2ED3DE3195D4DAB00C14C63 /* tab_icon_base@2x.png */,
				C2ED3DE4195D4DAB00C14C63 /* tab_icon_uikit@2x.png */,
				C2ED3DE5195D4DAB00C14C63 /* tab_icon_data@2x.png */,
				C2ED3DE6195D4DAB00C14C63 /* tab_icon_other@2x.png */,
				C2ED3DE7195D4DAB00C14C63 /* tab_icon_base_s@2x.png */,
				C2ED3DE8195D4DAB00C14C63 /* tab_icon_uikit_s@2x.png */,
				C2ED3DE9195D4DAB00C14C63 /* tab_icon_data_s@2x.png */,
				C2ED3DEA195D4DAB00C14C63 /* tab_icon_other_s@2xpng */,
			);
			name = Images;
			path = images;
			sourceTree = "<group>";
		};
/* End PBXGroup section */

/* Begin PBXNativeTarget section */
		C2190C871959733700AF0202 /* SwiftFoundation */ = {
			isa = PBXNativeTarget;
			buildConfigurationList = C2190C9F1959733700AF0202 /* Build configuration list for PBXNativeTarget "SwiftFoundation" */;
			buildPhases = (
				C2190C841959733700AF0202 /* Sources */,
				C2190C851959733700AF0202 /* Frameworks */,
				C2190C861959733700AF0202 /* Resources */,
			);
			buildRules = (
			);
			dependencies = (
			);
			name = SwiftFoundation;
			productName = SwiftFoundation;
			productReference = C2190C881959733700AF0202 /* SwiftFoundation.app */;
			productType = "com.apple.product-type.application";
		};
		C2190C941959733700AF0202 /* SwiftFoundationTests */ = {
			isa = PBXNativeTarget;
			buildConfigurationList = C2190CA21959733700AF0202 /* Build configuration list for PBXNativeTarget "SwiftFoundationTests" */;
			buildPhases = (
				C2190C911959733700AF0202 /* Sources */,
				C2190C921959733700AF0202 /* Frameworks */,
				C2190C931959733700AF0202 /* Resources */,
			);
			buildRules = (
			);
			dependencies = (
				C2190C971959733700AF0202 /* PBXTargetDependency */,
			);
			name = SwiftFoundationTests;
			productName = SwiftFoundationTests;
			productReference = C2190C951959733700AF0202 /* SwiftFoundationTests.xctest */;
			productType = "com.apple.product-type.bundle.unit-test";
		};
/* End PBXNativeTarget section */

/* Begin PBXProject section */
		C2190C801959733700AF0202 /* Project object */ = {
			isa = PBXProject;
			attributes = {
				LastUpgradeCheck = 0600;
				ORGANIZATIONNAME = baxiang;
				TargetAttributes = {
					C2190C871959733700AF0202 = {
						CreatedOnToolsVersion = 6.0;
					};
					C2190C941959733700AF0202 = {
						CreatedOnToolsVersion = 6.0;
						TestTargetID = C2190C871959733700AF0202;
					};
				};
			};
			buildConfigurationList = C2190C831959733700AF0202 /* Build configuration list for PBXProject "SwiftFoundation" */;
			compatibilityVersion = "Xcode 3.2";
			developmentRegion = English;
			hasScannedForEncodings = 0;
			knownRegions = (
				en,
			);
			mainGroup = C2190C7F1959733700AF0202;
			productRefGroup = C2190C891959733700AF0202 /* Products */;
			projectDirPath = "";
			projectRoot = "";
			targets = (
				C2190C871959733700AF0202 /* SwiftFoundation */,
				C2190C941959733700AF0202 /* SwiftFoundationTests */,
			);
		};
/* End PBXProject section */

/* Begin PBXResourcesBuildPhase section */
		C2190C861959733700AF0202 /* Resources */ = {
			isa = PBXResourcesBuildPhase;
			buildActionMask = 2147483647;
			files = (
				C2C021F719646469006CBCBA /* 风.png in Resources */,
				C2C021F019646469006CBCBA /* 晴.png in Resources */,
				C2C021EF19646469006CBCBA /* 小雪.png in Resources */,
				C2C021EA19646469006CBCBA /* 大雨.png in Resources */,
				C2C021EB19646469006CBCBA /* 大雨转晴.png in Resources */,
				C2C021ED19646469006CBCBA /* 天气预报.png in Resources */,
				C2C021E619646469006CBCBA /* 中雨转晴.png in Resources */,
				C2C021F419646469006CBCBA /* 雷阵雨.png in Resources */,
				C2C021F219646469006CBCBA /* 阴转晴.png in Resources */,
				C2ED3DF0195D4DAB00C14C63 /* tab_icon_data@2x.png in Resources */,
				C2ED3DEB195D4DAB00C14C63 /* icon-29@2x.png in Resources */,
				C2ED3DF1195D4DAB00C14C63 /* tab_icon_other@2x.png in Resources */,
				C2190C901959733700AF0202 /* Images.xcassets in Resources */,
				C2C021E919646469006CBCBA /* 多云.png in Resources */,
				C2C021E719646469006CBCBA /* 中雪.png in Resources */,
				C2ED3DF3195D4DAB00C14C63 /* tab_icon_uikit_s@2x.png in Resources */,
				C2C021F119646469006CBCBA /* 阴.png in Resources */,
				C2C021EC19646469006CBCBA /* 大雪.png in Resources */,
				C2C021F319646469006CBCBA /* 雨夹雪.png in Resources */,
				C2ED3DF2195D4DAB00C14C63 /* tab_icon_base_s@2x.png in Resources */,
				C2ED3DF4195D4DAB00C14C63 /* tab_icon_data_s@2x.png in Resources */,
				C2C021F619646469006CBCBA /* 雾.png in Resources */,
				C2ED3DEC195D4DAB00C14C63 /* icon-40@2x.png in Resources */,
				C2DF1B601965479E009E760E /* NewsViewCell.xib in Resources */,
				C2C021E819646469006CBCBA /* 冰.png in Resources */,
				C2C021E519646469006CBCBA /* 中雨.png in Resources */,
				C2ED3DED195D4DAB00C14C63 /* icon-60@2x.png in Resources */,
				C2ED3DEF195D4DAB00C14C63 /* tab_icon_uikit@2x.png in Resources */,
				C2ED3DF5195D4DAB00C14C63 /* tab_icon_other_s@2xpng in Resources */,
				C2ED3DEE195D4DAB00C14C63 /* tab_icon_base@2x.png in Resources */,
				C2C021F519646469006CBCBA /* 雷雨.png in Resources */,
				C2C021EE19646469006CBCBA /* 天气预报@2x.gif in Resources */,
			);
			runOnlyForDeploymentPostprocessing = 0;
		};
		C2190C931959733700AF0202 /* Resources */ = {
			isa = PBXResourcesBuildPhase;
			buildActionMask = 2147483647;
			files = (
			);
			runOnlyForDeploymentPostprocessing = 0;
		};
/* End PBXResourcesBuildPhase section */

/* Begin PBXSourcesBuildPhase section */
		C2190C841959733700AF0202 /* Sources */ = {
			isa = PBXSourcesBuildPhase;
			buildActionMask = 2147483647;
			files = (
				C2190C8E1959733700AF0202 /* AppDelegate.swift in Sources */,
				C214F2151959EBCA00D53562 /* StringExt.swift in Sources */,
				C2DF1B641966496D009E760E /* IntegerAndFloatController.swift in Sources */,
				C2C5FB6C196A85F800FF717B /* String+Ext.swift in Sources */,
				C2190CB419597FD500AF0202 /* OtherViewController.swift in Sources */,
				C2A0D3671962B06A00EDB6A6 /* FMDatabase.m in Sources */,
				C2DF1B861966BE4B009E760E /* AutomaticReferenceCountController.swift in Sources */,
				C2190CAC19597D2000AF0202 /* FoundationViewController.swift in Sources */,
				C2DF1B72196693F8009E760E /* FunctionsViewController.swift in Sources */,
				C2C8186C1963A5850028A8CB /* SingletonTwo.swift in Sources */,
				C2C8186E1963A5BA0028A8CB /* SingletonThree.swift in Sources */,
				C2CA1AFE1960569700027DEF /* BaiduZhiDaoController.swift in Sources */,
				C2DF1B7E1966AF54009E760E /* InstanceMethodsController.swift in Sources */,
				C2A6823B1963085700E46F8E /* ClosureEditValueViewController.swift in Sources */,
				C2DF1B841966BD23009E760E /* DeinitializationController.swift in Sources */,
				C2DF1B6E19668489009E760E /* ArrayAndDictionaryController.swift in Sources */,
				C2A6823D1963114E00E46F8E /* ProtocolShowValueViewController.swift in Sources */,
				C214F2171959ED0000D53562 /* ArrayExt.swift in Sources */,
				C2190CAA19597CBF00AF0202 /* BaseViewController.swift in Sources */,
				C2DF1B8E1966D6BB009E760E /* NestedTypesController.swift in Sources */,
				C208AC581964256600E9ED76 /* ClosureBaseViewController.swift in Sources */,
				C2DF1B8A1966C570009E760E /* GenericController.swift in Sources */,
				C2C8186A1963A4540028A8CB /* SingletonOne.swift in Sources */,
				C2A0D36B1962B06A00EDB6A6 /* FMResultSet.m in Sources */,
				C2DF1B881966BFFC009E760E /* OptionalChainningController.swift in Sources */,
				C208AC4E1964078100E9ED76 /* NeteaseViewController.swift in Sources */,
				C2A682391963081F00E46F8E /* ClosureShowValueViewController.swift in Sources */,
				C214F21E1959F2B900D53562 /* UITableViewManager.swift in Sources */,
				C2DF1B7C1966ACAB009E760E /* PropertiesController.swift in Sources */,
				C2A6823F1963119E00E46F8E /* ProtocolEditValueViewController.swift in Sources */,
				C2DF1B701966898F009E760E /* FlowControlController.swift in Sources */,
				C2A0D3711962B3DC00EDB6A6 /* UIKitDetailViewController.swift in Sources */,
				C2DF1B801966B9BD009E760E /* InheritanceController.swift in Sources */,
				C2CA1AFB1960170700027DEF /* UITableBaseViewController.swift in Sources */,
				C2DF1B7619669D78009E760E /* OptionalTypeViewController.swift in Sources */,
				C2A0D36F1962B13300EDB6A6 /* FMDBViewController.swift in Sources */,
				C208AC4C1963F39800E9ED76 /* Agent.swift in Sources */,
				C214F2131959E9DB00D53562 /* UIImageExt.swift in Sources */,
				C208AC5E19643AE100E9ED76 /* webRequestViewController.swift in Sources */,
				C2DF1B901966D7BA009E760E /* ExtensionsController.swift in Sources */,
				C2DF1B62196647CF009E760E /* ConstantAndVariablesController.swift in Sources */,
				C2190CA819597C1700AF0202 /* BaseTabBarViewController.swift in Sources */,
				C214F21B1959F0CD00D53562 /* UIImageCache.swift in Sources */,
				C2DF1B6A196660CE009E760E /* BasicOperatorsController.swift in Sources */,
				C2DF1B5B19654744009E760E /* ContactViewController.swift in Sources */,
				C2DF1B6C1966800F009E760E /* StringsAndCharactersController.swift in Sources */,
				C2CCD21A1963E7EC000F08A5 /* UIImageView+WebCache.swift in Sources */,
				C2DF1B6619664B64009E760E /* TuplesViewController.swift in Sources */,
				C2DF1B74196699F6009E760E /* ClosuresViewController.swift in Sources */,
				C214F2111959E2E000D53562 /* UIViewSizeExt.swift in Sources */,
				C2A0D3681962B06A00EDB6A6 /* FMDatabaseAdditions.m in Sources */,
				C2ED3DDE195D4B3000C14C63 /* DataStoreViewController.swift in Sources */,
				C2A0D36A1962B06A00EDB6A6 /* FMDatabaseQueue.m in Sources */,
				C2DF1B8C1966D4CA009E760E /* TypeCastingController.swift in Sources */,
				C2DF1B6819664CD6009E760E /* OptionalsValueController.swift in Sources */,
				C2A0D3691962B06A00EDB6A6 /* FMDatabasePool.m in Sources */,
				C208AC5C1964390E00E9ED76 /* webService.swift in Sources */,
				C2C818731963B91B0028A8CB /* FileUtility.swift in Sources */,
				C2DF1B7A1966A739009E760E /* ClassAndStructController.swift in Sources */,
				C278DAB8196145F400110012 /* MapViewViewController.swift in Sources */,
				C2DF1B821966BAE1009E760E /* InitializationController.swift in Sources */,
				C2C818701963AD8E0028A8CB /* SingletonPatternViewController.swift in Sources */,
				C2DF1B5F1965479E009E760E /* NewsViewCell.swift in Sources */,
				C2CCD21C1963E9A4000F08A5 /* UIImageCacheViewController.swift in Sources */,
				C2190CAE19597D6B00AF0202 /* UIKitViewController.swift in Sources */,
			);
			runOnlyForDeploymentPostprocessing = 0;
		};
		C2190C911959733700AF0202 /* Sources */ = {
			isa = PBXSourcesBuildPhase;
			buildActionMask = 2147483647;
			files = (
				C2190C9C1959733700AF0202 /* SwiftFoundationTests.swift in Sources */,
			);
			runOnlyForDeploymentPostprocessing = 0;
		};
/* End PBXSourcesBuildPhase section */

/* Begin PBXTargetDependency section */
		C2190C971959733700AF0202 /* PBXTargetDependency */ = {
			isa = PBXTargetDependency;
			target = C2190C871959733700AF0202 /* SwiftFoundation */;
			targetProxy = C2190C961959733700AF0202 /* PBXContainerItemProxy */;
		};
/* End PBXTargetDependency section */

/* Begin XCBuildConfiguration section */
		C2190C9D1959733700AF0202 /* Debug */ = {
			isa = XCBuildConfiguration;
			buildSettings = {
				ALWAYS_SEARCH_USER_PATHS = NO;
				CLANG_CXX_LANGUAGE_STANDARD = "gnu++0x";
				CLANG_CXX_LIBRARY = "libc++";
				CLANG_ENABLE_MODULES = YES;
				CLANG_ENABLE_OBJC_ARC = YES;
				CLANG_WARN_BOOL_CONVERSION = YES;
				CLANG_WARN_CONSTANT_CONVERSION = YES;
				CLANG_WARN_DIRECT_OBJC_ISA_USAGE = YES_ERROR;
				CLANG_WARN_EMPTY_BODY = YES;
				CLANG_WARN_ENUM_CONVERSION = YES;
				CLANG_WARN_INT_CONVERSION = YES;
				CLANG_WARN_OBJC_ROOT_CLASS = YES_ERROR;
				CLANG_WARN_UNREACHABLE_CODE = YES;
				CLANG_WARN__DUPLICATE_METHOD_MATCH = YES;
				"CODE_SIGN_IDENTITY[sdk=iphoneos*]" = "iPhone Developer";
				COPY_PHASE_STRIP = NO;
				ENABLE_STRICT_OBJC_MSGSEND = YES;
				GCC_C_LANGUAGE_STANDARD = gnu99;
				GCC_DYNAMIC_NO_PIC = NO;
				GCC_OPTIMIZATION_LEVEL = 0;
				GCC_PREPROCESSOR_DEFINITIONS = (
					"DEBUG=1",
					"$(inherited)",
				);
				GCC_SYMBOLS_PRIVATE_EXTERN = NO;
				GCC_WARN_64_TO_32_BIT_CONVERSION = YES;
				GCC_WARN_ABOUT_RETURN_TYPE = YES_ERROR;
				GCC_WARN_UNDECLARED_SELECTOR = YES;
				GCC_WARN_UNINITIALIZED_AUTOS = YES_AGGRESSIVE;
				GCC_WARN_UNUSED_FUNCTION = YES;
				GCC_WARN_UNUSED_VARIABLE = YES;
				IPHONEOS_DEPLOYMENT_TARGET = 8.0;
				METAL_ENABLE_DEBUG_INFO = YES;
				ONLY_ACTIVE_ARCH = YES;
				SDKROOT = iphoneos;
				SWIFT_OPTIMIZATION_LEVEL = "-Onone";
			};
			name = Debug;
		};
		C2190C9E1959733700AF0202 /* Release */ = {
			isa = XCBuildConfiguration;
			buildSettings = {
				ALWAYS_SEARCH_USER_PATHS = NO;
				CLANG_CXX_LANGUAGE_STANDARD = "gnu++0x";
				CLANG_CXX_LIBRARY = "libc++";
				CLANG_ENABLE_MODULES = YES;
				CLANG_ENABLE_OBJC_ARC = YES;
				CLANG_WARN_BOOL_CONVERSION = YES;
				CLANG_WARN_CONSTANT_CONVERSION = YES;
				CLANG_WARN_DIRECT_OBJC_ISA_USAGE = YES_ERROR;
				CLANG_WARN_EMPTY_BODY = YES;
				CLANG_WARN_ENUM_CONVERSION = YES;
				CLANG_WARN_INT_CONVERSION = YES;
				CLANG_WARN_OBJC_ROOT_CLASS = YES_ERROR;
				CLANG_WARN_UNREACHABLE_CODE = YES;
				CLANG_WARN__DUPLICATE_METHOD_MATCH = YES;
				"CODE_SIGN_IDENTITY[sdk=iphoneos*]" = "iPhone Developer";
				COPY_PHASE_STRIP = YES;
				ENABLE_NS_ASSERTIONS = NO;
				ENABLE_STRICT_OBJC_MSGSEND = YES;
				GCC_C_LANGUAGE_STANDARD = gnu99;
				GCC_WARN_64_TO_32_BIT_CONVERSION = YES;
				GCC_WARN_ABOUT_RETURN_TYPE = YES_ERROR;
				GCC_WARN_UNDECLARED_SELECTOR = YES;
				GCC_WARN_UNINITIALIZED_AUTOS = YES_AGGRESSIVE;
				GCC_WARN_UNUSED_FUNCTION = YES;
				GCC_WARN_UNUSED_VARIABLE = YES;
				IPHONEOS_DEPLOYMENT_TARGET = 8.0;
				METAL_ENABLE_DEBUG_INFO = NO;
				SDKROOT = iphoneos;
				VALIDATE_PRODUCT = YES;
			};
			name = Release;
		};
		C2190CA01959733700AF0202 /* Debug */ = {
			isa = XCBuildConfiguration;
			buildSettings = {
				ASSETCATALOG_COMPILER_APPICON_NAME = AppIcon;
				ASSETCATALOG_COMPILER_LAUNCHIMAGE_NAME = LaunchImage;
				INFOPLIST_FILE = SwiftFoundation/Info.plist;
				IPHONEOS_DEPLOYMENT_TARGET = 6.0;
				LD_RUNPATH_SEARCH_PATHS = "$(inherited) @executable_path/Frameworks";
				PRODUCT_NAME = "$(TARGET_NAME)";
				SWIFT_OBJC_BRIDGING_HEADER = "SwiftFoundation/Swift-Bridg-Header.h";
			};
			name = Debug;
		};
		C2190CA11959733700AF0202 /* Release */ = {
			isa = XCBuildConfiguration;
			buildSettings = {
				ASSETCATALOG_COMPILER_APPICON_NAME = AppIcon;
				ASSETCATALOG_COMPILER_LAUNCHIMAGE_NAME = LaunchImage;
				INFOPLIST_FILE = SwiftFoundation/Info.plist;
				IPHONEOS_DEPLOYMENT_TARGET = 6.0;
				LD_RUNPATH_SEARCH_PATHS = "$(inherited) @executable_path/Frameworks";
				PRODUCT_NAME = "$(TARGET_NAME)";
				SWIFT_OBJC_BRIDGING_HEADER = "SwiftFoundation/Swift-Bridg-Header.h";
			};
			name = Release;
		};
		C2190CA31959733700AF0202 /* Debug */ = {
			isa = XCBuildConfiguration;
			buildSettings = {
				BUNDLE_LOADER = "$(BUILT_PRODUCTS_DIR)/SwiftFoundation.app/SwiftFoundation";
				FRAMEWORK_SEARCH_PATHS = (
					"$(SDKROOT)/Developer/Library/Frameworks",
					"$(inherited)",
				);
				GCC_PREPROCESSOR_DEFINITIONS = (
					"DEBUG=1",
					"$(inherited)",
				);
				INFOPLIST_FILE = SwiftFoundationTests/Info.plist;
				LD_RUNPATH_SEARCH_PATHS = "$(inherited) @executable_path/Frameworks @loader_path/Frameworks";
				METAL_ENABLE_DEBUG_INFO = YES;
				PRODUCT_NAME = "$(TARGET_NAME)";
				TEST_HOST = "$(BUNDLE_LOADER)";
			};
			name = Debug;
		};
		C2190CA41959733700AF0202 /* Release */ = {
			isa = XCBuildConfiguration;
			buildSettings = {
				BUNDLE_LOADER = "$(BUILT_PRODUCTS_DIR)/SwiftFoundation.app/SwiftFoundation";
				FRAMEWORK_SEARCH_PATHS = (
					"$(SDKROOT)/Developer/Library/Frameworks",
					"$(inherited)",
				);
				INFOPLIST_FILE = SwiftFoundationTests/Info.plist;
				LD_RUNPATH_SEARCH_PATHS = "$(inherited) @executable_path/Frameworks @loader_path/Frameworks";
				METAL_ENABLE_DEBUG_INFO = NO;
				PRODUCT_NAME = "$(TARGET_NAME)";
				TEST_HOST = "$(BUNDLE_LOADER)";
			};
			name = Release;
		};
/* End XCBuildConfiguration section */

/* Begin XCConfigurationList section */
		C2190C831959733700AF0202 /* Build configuration list for PBXProject "SwiftFoundation" */ = {
			isa = XCConfigurationList;
			buildConfigurations = (
				C2190C9D1959733700AF0202 /* Debug */,
				C2190C9E1959733700AF0202 /* Release */,
			);
			defaultConfigurationIsVisible = 0;
			defaultConfigurationName = Release;
		};
		C2190C9F1959733700AF0202 /* Build configuration list for PBXNativeTarget "SwiftFoundation" */ = {
			isa = XCConfigurationList;
			buildConfigurations = (
				C2190CA01959733700AF0202 /* Debug */,
				C2190CA11959733700AF0202 /* Release */,
			);
			defaultConfigurationIsVisible = 0;
			defaultConfigurationName = Release;
		};
		C2190CA21959733700AF0202 /* Build configuration list for PBXNativeTarget "SwiftFoundationTests" */ = {
			isa = XCConfigurationList;
			buildConfigurations = (
				C2190CA31959733700AF0202 /* Debug */,
				C2190CA41959733700AF0202 /* Release */,
			);
			defaultConfigurationIsVisible = 0;
			defaultConfigurationName = Release;
		};
/* End XCConfigurationList section */
	};
	rootObject = C2190C801959733700AF0202 /* Project object */;
}
